// !$*UTF8*$!
{
	archiveVersion = 1;
	classes = {
	};
	objectVersion = 56;
	objects = {

/* Begin PBXBuildFile section */
		907291692C9306D900837C84 /* UIButton+setUnderLine.swift in Sources */ = {isa = PBXBuildFile; fileRef = 9072912E2C9306D900837C84 /* UIButton+setUnderLine.swift */; };
		9072916A2C9306D900837C84 /* KGStepBar.swift in Sources */ = {isa = PBXBuildFile; fileRef = 907291302C9306D900837C84 /* KGStepBar.swift */; };
		9072916B2C9306D900837C84 /* KGLabel.swift in Sources */ = {isa = PBXBuildFile; fileRef = 907291322C9306D900837C84 /* KGLabel.swift */; };
		9072916C2C9306D900837C84 /* KGTextField.swift in Sources */ = {isa = PBXBuildFile; fileRef = 907291342C9306D900837C84 /* KGTextField.swift */; };
		9072916D2C9306D900837C84 /* KGButton.swift in Sources */ = {isa = PBXBuildFile; fileRef = 907291362C9306D900837C84 /* KGButton.swift */; };
		9072916E2C9306D900837C84 /* KGButtonStyle.swift in Sources */ = {isa = PBXBuildFile; fileRef = 907291372C9306D900837C84 /* KGButtonStyle.swift */; };
		9072916F2C9306D900837C84 /* KillerGramFontStyle.swift in Sources */ = {isa = PBXBuildFile; fileRef = 907291392C9306D900837C84 /* KillerGramFontStyle.swift */; };
		907291702C9306D900837C84 /* KillerGramFont.swift in Sources */ = {isa = PBXBuildFile; fileRef = 9072913A2C9306D900837C84 /* KillerGramFont.swift */; };
		907291712C9306D900837C84 /* PretendardFontStyle.swift in Sources */ = {isa = PBXBuildFile; fileRef = 9072913B2C9306D900837C84 /* PretendardFontStyle.swift */; };
		907291722C9306D900837C84 /* AppDelegate.swift in Sources */ = {isa = PBXBuildFile; fileRef = 9072913D2C9306D900837C84 /* AppDelegate.swift */; };
		907291732C9306D900837C84 /* SceneDelegate.swift in Sources */ = {isa = PBXBuildFile; fileRef = 9072913E2C9306D900837C84 /* SceneDelegate.swift */; };
		907291742C9306D900837C84 /* Assets.xcassets in Resources */ = {isa = PBXBuildFile; fileRef = 907291402C9306D900837C84 /* Assets.xcassets */; };
		907291752C9306D900837C84 /* LaunchScreen.storyboard in Resources */ = {isa = PBXBuildFile; fileRef = 907291412C9306D900837C84 /* LaunchScreen.storyboard */; };
		907291762C9306D900837C84 /* Pretendard-Regular.otf in Resources */ = {isa = PBXBuildFile; fileRef = 907291442C9306D900837C84 /* Pretendard-Regular.otf */; };
		907291772C9306D900837C84 /* Pretendard-SemiBold.otf in Resources */ = {isa = PBXBuildFile; fileRef = 907291452C9306D900837C84 /* Pretendard-SemiBold.otf */; };
		907291782C9306D900837C84 /* Info.plist in Resources */ = {isa = PBXBuildFile; fileRef = 907291472C9306D900837C84 /* Info.plist */; };
		907291792C9306D900837C84 /* SetPasswordViewController.swift in Sources */ = {isa = PBXBuildFile; fileRef = 9072914B2C9306D900837C84 /* SetPasswordViewController.swift */; };
		9072917A2C9306D900837C84 /* SetPasswordViewModel.swift in Sources */ = {isa = PBXBuildFile; fileRef = 9072914C2C9306D900837C84 /* SetPasswordViewModel.swift */; };
		9072917B2C9306D900837C84 /* SignupSendViewModel.swift in Sources */ = {isa = PBXBuildFile; fileRef = 9072914E2C9306D900837C84 /* SignupSendViewModel.swift */; };
		9072917C2C9306D900837C84 /* SigninSendEmailViewController.swift in Sources */ = {isa = PBXBuildFile; fileRef = 9072914F2C9306D900837C84 /* SigninSendEmailViewController.swift */; };
		9072917D2C9306D900837C84 /* SigninCheckEmailViewController.swift in Sources */ = {isa = PBXBuildFile; fileRef = 907291512C9306D900837C84 /* SigninCheckEmailViewController.swift */; };
		9072917E2C9306D900837C84 /* SigninCheckViewModel.swift in Sources */ = {isa = PBXBuildFile; fileRef = 907291522C9306D900837C84 /* SigninCheckViewModel.swift */; };
		9072917F2C9306D900837C84 /* FillStudentNumberViewModel.swift in Sources */ = {isa = PBXBuildFile; fileRef = 907291552C9306D900837C84 /* FillStudentNumberViewModel.swift */; };
		907291802C9306D900837C84 /* FillStudentNumberViewController.swift in Sources */ = {isa = PBXBuildFile; fileRef = 907291562C9306D900837C84 /* FillStudentNumberViewController.swift */; };
		907291812C9306D900837C84 /* GenderViewController.swift in Sources */ = {isa = PBXBuildFile; fileRef = 907291582C9306D900837C84 /* GenderViewController.swift */; };
		907291822C9306D900837C84 /* GenderViewModel.swift in Sources */ = {isa = PBXBuildFile; fileRef = 907291592C9306D900837C84 /* GenderViewModel.swift */; };
		907291832C9306D900837C84 /* FillNameViewModel.swift in Sources */ = {isa = PBXBuildFile; fileRef = 9072915B2C9306D900837C84 /* FillNameViewModel.swift */; };
		907291842C9306D900837C84 /* FillNameViewController.swift in Sources */ = {isa = PBXBuildFile; fileRef = 9072915C2C9306D900837C84 /* FillNameViewController.swift */; };
		907291852C9306D900837C84 /* FindPasswordSendEmailViewModel.swift in Sources */ = {isa = PBXBuildFile; fileRef = 9072915F2C9306D900837C84 /* FindPasswordSendEmailViewModel.swift */; };
		907291862C9306D900837C84 /* FindPasswordSendEmailViewController.swift in Sources */ = {isa = PBXBuildFile; fileRef = 907291602C9306D900837C84 /* FindPasswordSendEmailViewController.swift */; };
		907291872C9306D900837C84 /* LoginViewModel.swift in Sources */ = {isa = PBXBuildFile; fileRef = 907291632C9306D900837C84 /* LoginViewModel.swift */; };
		907291882C9306D900837C84 /* LoginViewController.swift in Sources */ = {isa = PBXBuildFile; fileRef = 907291642C9306D900837C84 /* LoginViewController.swift */; };
/* End PBXBuildFile section */

/* Begin PBXFileReference section */
		902BBAF22C9306A2003C045E /* KillerGramV1.app */ = {isa = PBXFileReference; explicitFileType = wrapper.application; includeInIndex = 0; path = KillerGramV1.app; sourceTree = BUILT_PRODUCTS_DIR; };
		9072912E2C9306D900837C84 /* UIButton+setUnderLine.swift */ = {isa = PBXFileReference; fileEncoding = 4; lastKnownFileType = sourcecode.swift; path = "UIButton+setUnderLine.swift"; sourceTree = "<group>"; };
		907291302C9306D900837C84 /* KGStepBar.swift */ = {isa = PBXFileReference; fileEncoding = 4; lastKnownFileType = sourcecode.swift; path = KGStepBar.swift; sourceTree = "<group>"; };
		907291322C9306D900837C84 /* KGLabel.swift */ = {isa = PBXFileReference; fileEncoding = 4; lastKnownFileType = sourcecode.swift; path = KGLabel.swift; sourceTree = "<group>"; };
		907291342C9306D900837C84 /* KGTextField.swift */ = {isa = PBXFileReference; fileEncoding = 4; lastKnownFileType = sourcecode.swift; path = KGTextField.swift; sourceTree = "<group>"; };
		907291362C9306D900837C84 /* KGButton.swift */ = {isa = PBXFileReference; fileEncoding = 4; lastKnownFileType = sourcecode.swift; path = KGButton.swift; sourceTree = "<group>"; };
		907291372C9306D900837C84 /* KGButtonStyle.swift */ = {isa = PBXFileReference; fileEncoding = 4; lastKnownFileType = sourcecode.swift; path = KGButtonStyle.swift; sourceTree = "<group>"; };
		907291392C9306D900837C84 /* KillerGramFontStyle.swift */ = {isa = PBXFileReference; fileEncoding = 4; lastKnownFileType = sourcecode.swift; path = KillerGramFontStyle.swift; sourceTree = "<group>"; };
		9072913A2C9306D900837C84 /* KillerGramFont.swift */ = {isa = PBXFileReference; fileEncoding = 4; lastKnownFileType = sourcecode.swift; path = KillerGramFont.swift; sourceTree = "<group>"; };
		9072913B2C9306D900837C84 /* PretendardFontStyle.swift */ = {isa = PBXFileReference; fileEncoding = 4; lastKnownFileType = sourcecode.swift; path = PretendardFontStyle.swift; sourceTree = "<group>"; };
		9072913D2C9306D900837C84 /* AppDelegate.swift */ = {isa = PBXFileReference; fileEncoding = 4; lastKnownFileType = sourcecode.swift; path = AppDelegate.swift; sourceTree = "<group>"; };
		9072913E2C9306D900837C84 /* SceneDelegate.swift */ = {isa = PBXFileReference; fileEncoding = 4; lastKnownFileType = sourcecode.swift; path = SceneDelegate.swift; sourceTree = "<group>"; };
		907291402C9306D900837C84 /* Assets.xcassets */ = {isa = PBXFileReference; lastKnownFileType = folder.assetcatalog; path = Assets.xcassets; sourceTree = "<group>"; };
		907291422C9306D900837C84 /* Base */ = {isa = PBXFileReference; lastKnownFileType = file.storyboard; name = Base; path = Base.lproj/LaunchScreen.storyboard; sourceTree = "<group>"; };
		907291442C9306D900837C84 /* Pretendard-Regular.otf */ = {isa = PBXFileReference; lastKnownFileType = file; path = "Pretendard-Regular.otf"; sourceTree = "<group>"; };
		907291452C9306D900837C84 /* Pretendard-SemiBold.otf */ = {isa = PBXFileReference; lastKnownFileType = file; path = "Pretendard-SemiBold.otf"; sourceTree = "<group>"; };
		907291472C9306D900837C84 /* Info.plist */ = {isa = PBXFileReference; fileEncoding = 4; lastKnownFileType = text.plist.xml; path = Info.plist; sourceTree = "<group>"; };
		9072914B2C9306D900837C84 /* SetPasswordViewController.swift */ = {isa = PBXFileReference; fileEncoding = 4; lastKnownFileType = sourcecode.swift; path = SetPasswordViewController.swift; sourceTree = "<group>"; };
		9072914C2C9306D900837C84 /* SetPasswordViewModel.swift */ = {isa = PBXFileReference; fileEncoding = 4; lastKnownFileType = sourcecode.swift; path = SetPasswordViewModel.swift; sourceTree = "<group>"; };
		9072914E2C9306D900837C84 /* SignupSendViewModel.swift */ = {isa = PBXFileReference; fileEncoding = 4; lastKnownFileType = sourcecode.swift; path = SignupSendViewModel.swift; sourceTree = "<group>"; };
		9072914F2C9306D900837C84 /* SigninSendEmailViewController.swift */ = {isa = PBXFileReference; fileEncoding = 4; lastKnownFileType = sourcecode.swift; path = SigninSendEmailViewController.swift; sourceTree = "<group>"; };
		907291512C9306D900837C84 /* SigninCheckEmailViewController.swift */ = {isa = PBXFileReference; fileEncoding = 4; lastKnownFileType = sourcecode.swift; path = SigninCheckEmailViewController.swift; sourceTree = "<group>"; };
		907291522C9306D900837C84 /* SigninCheckViewModel.swift */ = {isa = PBXFileReference; fileEncoding = 4; lastKnownFileType = sourcecode.swift; path = SigninCheckViewModel.swift; sourceTree = "<group>"; };
		907291552C9306D900837C84 /* FillStudentNumberViewModel.swift */ = {isa = PBXFileReference; fileEncoding = 4; lastKnownFileType = sourcecode.swift; path = FillStudentNumberViewModel.swift; sourceTree = "<group>"; };
		907291562C9306D900837C84 /* FillStudentNumberViewController.swift */ = {isa = PBXFileReference; fileEncoding = 4; lastKnownFileType = sourcecode.swift; path = FillStudentNumberViewController.swift; sourceTree = "<group>"; };
		907291582C9306D900837C84 /* GenderViewController.swift */ = {isa = PBXFileReference; fileEncoding = 4; lastKnownFileType = sourcecode.swift; path = GenderViewController.swift; sourceTree = "<group>"; };
		907291592C9306D900837C84 /* GenderViewModel.swift */ = {isa = PBXFileReference; fileEncoding = 4; lastKnownFileType = sourcecode.swift; path = GenderViewModel.swift; sourceTree = "<group>"; };
		9072915B2C9306D900837C84 /* FillNameViewModel.swift */ = {isa = PBXFileReference; fileEncoding = 4; lastKnownFileType = sourcecode.swift; path = FillNameViewModel.swift; sourceTree = "<group>"; };
		9072915C2C9306D900837C84 /* FillNameViewController.swift */ = {isa = PBXFileReference; fileEncoding = 4; lastKnownFileType = sourcecode.swift; path = FillNameViewController.swift; sourceTree = "<group>"; };
		9072915F2C9306D900837C84 /* FindPasswordSendEmailViewModel.swift */ = {isa = PBXFileReference; fileEncoding = 4; lastKnownFileType = sourcecode.swift; path = FindPasswordSendEmailViewModel.swift; sourceTree = "<group>"; };
		907291602C9306D900837C84 /* FindPasswordSendEmailViewController.swift */ = {isa = PBXFileReference; fileEncoding = 4; lastKnownFileType = sourcecode.swift; path = FindPasswordSendEmailViewController.swift; sourceTree = "<group>"; };
		907291632C9306D900837C84 /* LoginViewModel.swift */ = {isa = PBXFileReference; fileEncoding = 4; lastKnownFileType = sourcecode.swift; path = LoginViewModel.swift; sourceTree = "<group>"; };
		907291642C9306D900837C84 /* LoginViewController.swift */ = {isa = PBXFileReference; fileEncoding = 4; lastKnownFileType = sourcecode.swift; path = LoginViewController.swift; sourceTree = "<group>"; };
/* End PBXFileReference section */

/* Begin PBXFrameworksBuildPhase section */
		902BBAEF2C9306A2003C045E /* Frameworks */ = {
			isa = PBXFrameworksBuildPhase;
			buildActionMask = 2147483647;
			files = (
			);
			runOnlyForDeploymentPostprocessing = 0;
		};
/* End PBXFrameworksBuildPhase section */

/* Begin PBXGroup section */
		902BBAE92C9306A2003C045E = {
			isa = PBXGroup;
			children = (
				9072912B2C9306D900837C84 /* KillerGramV1 */,
				902BBAF32C9306A2003C045E /* Products */,
			);
			sourceTree = "<group>";
		};
		902BBAF32C9306A2003C045E /* Products */ = {
			isa = PBXGroup;
			children = (
				902BBAF22C9306A2003C045E /* KillerGramV1.app */,
			);
			name = Products;
			sourceTree = "<group>";
		};
		9072912B2C9306D900837C84 /* KillerGramV1 */ = {
			isa = PBXGroup;
			children = (
				9072912C2C9306D900837C84 /* DesignSystem */,
				9072913C2C9306D900837C84 /* App */,
				9072913F2C9306D900837C84 /* Resources */,
				907291462C9306D900837C84 /* Support */,
				907291482C9306D900837C84 /* Sources */,
				907291652C9306D900837C84 /* Service */,
			);
			path = KillerGramV1;
			sourceTree = "<group>";
		};
		9072912C2C9306D900837C84 /* DesignSystem */ = {
			isa = PBXGroup;
			children = (
				9072912D2C9306D900837C84 /* Extension */,
				9072912F2C9306D900837C84 /* StepBar */,
				907291312C9306D900837C84 /* Label */,
				907291332C9306D900837C84 /* TextField */,
				907291352C9306D900837C84 /* Button */,
				907291382C9306D900837C84 /* Font */,
			);
			path = DesignSystem;
			sourceTree = "<group>";
		};
		9072912D2C9306D900837C84 /* Extension */ = {
			isa = PBXGroup;
			children = (
				9072912E2C9306D900837C84 /* UIButton+setUnderLine.swift */,
			);
			path = Extension;
			sourceTree = "<group>";
		};
		9072912F2C9306D900837C84 /* StepBar */ = {
			isa = PBXGroup;
			children = (
				907291302C9306D900837C84 /* KGStepBar.swift */,
			);
			path = StepBar;
			sourceTree = "<group>";
		};
		907291312C9306D900837C84 /* Label */ = {
			isa = PBXGroup;
			children = (
				907291322C9306D900837C84 /* KGLabel.swift */,
			);
			path = Label;
			sourceTree = "<group>";
		};
		907291332C9306D900837C84 /* TextField */ = {
			isa = PBXGroup;
			children = (
				907291342C9306D900837C84 /* KGTextField.swift */,
			);
			path = TextField;
			sourceTree = "<group>";
		};
		907291352C9306D900837C84 /* Button */ = {
			isa = PBXGroup;
			children = (
				907291362C9306D900837C84 /* KGButton.swift */,
				907291372C9306D900837C84 /* KGButtonStyle.swift */,
			);
			path = Button;
			sourceTree = "<group>";
		};
		907291382C9306D900837C84 /* Font */ = {
			isa = PBXGroup;
			children = (
				907291392C9306D900837C84 /* KillerGramFontStyle.swift */,
				9072913A2C9306D900837C84 /* KillerGramFont.swift */,
				9072913B2C9306D900837C84 /* PretendardFontStyle.swift */,
			);
			path = Font;
			sourceTree = "<group>";
		};
		9072913C2C9306D900837C84 /* App */ = {
			isa = PBXGroup;
			children = (
				9072913D2C9306D900837C84 /* AppDelegate.swift */,
				9072913E2C9306D900837C84 /* SceneDelegate.swift */,
			);
			path = App;
			sourceTree = "<group>";
		};
		9072913F2C9306D900837C84 /* Resources */ = {
			isa = PBXGroup;
			children = (
				907291402C9306D900837C84 /* Assets.xcassets */,
				907291412C9306D900837C84 /* LaunchScreen.storyboard */,
				907291432C9306D900837C84 /* Font */,
			);
			path = Resources;
			sourceTree = "<group>";
		};
		907291432C9306D900837C84 /* Font */ = {
			isa = PBXGroup;
			children = (
				907291442C9306D900837C84 /* Pretendard-Regular.otf */,
				907291452C9306D900837C84 /* Pretendard-SemiBold.otf */,
			);
			path = Font;
			sourceTree = "<group>";
		};
		907291462C9306D900837C84 /* Support */ = {
			isa = PBXGroup;
			children = (
				907291472C9306D900837C84 /* Info.plist */,
			);
			path = Support;
			sourceTree = "<group>";
		};
		907291482C9306D900837C84 /* Sources */ = {
			isa = PBXGroup;
			children = (
				907291492C9306D900837C84 /* Signup */,
				9072915D2C9306D900837C84 /* FIndPassword */,
				907291622C9306D900837C84 /* Login */,
			);
			path = Sources;
			sourceTree = "<group>";
		};
		907291492C9306D900837C84 /* Signup */ = {
			isa = PBXGroup;
			children = (
				9072914A2C9306D900837C84 /* Password */,
				9072914D2C9306D900837C84 /* SendEmail */,
				907291502C9306D900837C84 /* CheckEmail */,
				907291532C9306D900837C84 /* Info */,
			);
			path = Signup;
			sourceTree = "<group>";
		};
		9072914A2C9306D900837C84 /* Password */ = {
			isa = PBXGroup;
			children = (
				9072914B2C9306D900837C84 /* SetPasswordViewController.swift */,
				9072914C2C9306D900837C84 /* SetPasswordViewModel.swift */,
			);
			path = Password;
			sourceTree = "<group>";
		};
		9072914D2C9306D900837C84 /* SendEmail */ = {
			isa = PBXGroup;
			children = (
				9072914E2C9306D900837C84 /* SignupSendViewModel.swift */,
				9072914F2C9306D900837C84 /* SigninSendEmailViewController.swift */,
			);
			path = SendEmail;
			sourceTree = "<group>";
		};
		907291502C9306D900837C84 /* CheckEmail */ = {
			isa = PBXGroup;
			children = (
				907291512C9306D900837C84 /* SigninCheckEmailViewController.swift */,
				907291522C9306D900837C84 /* SigninCheckViewModel.swift */,
			);
			path = CheckEmail;
			sourceTree = "<group>";
		};
		907291532C9306D900837C84 /* Info */ = {
			isa = PBXGroup;
			children = (
				907291542C9306D900837C84 /* StudentNumber */,
				907291572C9306D900837C84 /* Gender */,
				9072915A2C9306D900837C84 /* Name */,
			);
			path = Info;
			sourceTree = "<group>";
		};
		907291542C9306D900837C84 /* StudentNumber */ = {
			isa = PBXGroup;
			children = (
				907291552C9306D900837C84 /* FillStudentNumberViewModel.swift */,
				907291562C9306D900837C84 /* FillStudentNumberViewController.swift */,
			);
			path = StudentNumber;
			sourceTree = "<group>";
		};
		907291572C9306D900837C84 /* Gender */ = {
			isa = PBXGroup;
			children = (
				907291582C9306D900837C84 /* GenderViewController.swift */,
				907291592C9306D900837C84 /* GenderViewModel.swift */,
			);
			path = Gender;
			sourceTree = "<group>";
		};
		9072915A2C9306D900837C84 /* Name */ = {
			isa = PBXGroup;
			children = (
				9072915B2C9306D900837C84 /* FillNameViewModel.swift */,
				9072915C2C9306D900837C84 /* FillNameViewController.swift */,
			);
			path = Name;
			sourceTree = "<group>";
		};
		9072915D2C9306D900837C84 /* FIndPassword */ = {
			isa = PBXGroup;
			children = (
				9072915E2C9306D900837C84 /* SendEmail */,
				907291612C9306D900837C84 /* CheckEmail */,
			);
			path = FIndPassword;
			sourceTree = "<group>";
		};
		9072915E2C9306D900837C84 /* SendEmail */ = {
			isa = PBXGroup;
			children = (
				9072915F2C9306D900837C84 /* FindPasswordSendEmailViewModel.swift */,
				907291602C9306D900837C84 /* FindPasswordSendEmailViewController.swift */,
			);
			path = SendEmail;
			sourceTree = "<group>";
		};
		907291612C9306D900837C84 /* CheckEmail */ = {
			isa = PBXGroup;
			children = (
			);
			path = CheckEmail;
			sourceTree = "<group>";
		};
		907291622C9306D900837C84 /* Login */ = {
			isa = PBXGroup;
			children = (
				907291632C9306D900837C84 /* LoginViewModel.swift */,
				907291642C9306D900837C84 /* LoginViewController.swift */,
			);
			path = Login;
			sourceTree = "<group>";
		};
		907291652C9306D900837C84 /* Service */ = {
			isa = PBXGroup;
			children = (
				907291662C9306D900837C84 /* Model */,
				907291672C9306D900837C84 /* API */,
				907291682C9306D900837C84 /* Header */,
			);
			path = Service;
			sourceTree = "<group>";
		};
		907291662C9306D900837C84 /* Model */ = {
			isa = PBXGroup;
			children = (
			);
			path = Model;
			sourceTree = "<group>";
		};
		907291672C9306D900837C84 /* API */ = {
			isa = PBXGroup;
			children = (
			);
			path = API;
			sourceTree = "<group>";
		};
		907291682C9306D900837C84 /* Header */ = {
			isa = PBXGroup;
			children = (
			);
			path = Header;
			sourceTree = "<group>";
		};
/* End PBXGroup section */

/* Begin PBXNativeTarget section */
		902BBAF12C9306A2003C045E /* KillerGramV1 */ = {
			isa = PBXNativeTarget;
			buildConfigurationList = 902BBB062C9306A2003C045E /* Build configuration list for PBXNativeTarget "KillerGramV1" */;
			buildPhases = (
				902BBAEE2C9306A2003C045E /* Sources */,
				902BBAEF2C9306A2003C045E /* Frameworks */,
				902BBAF02C9306A2003C045E /* Resources */,
			);
			buildRules = (
			);
			dependencies = (
			);
			name = KillerGramV1;
			productName = KillerGramV1;
			productReference = 902BBAF22C9306A2003C045E /* KillerGramV1.app */;
			productType = "com.apple.product-type.application";
		};
/* End PBXNativeTarget section */

/* Begin PBXProject section */
		902BBAEA2C9306A2003C045E /* Project object */ = {
			isa = PBXProject;
			attributes = {
				BuildIndependentTargetsInParallel = 1;
				LastSwiftUpdateCheck = 1510;
				LastUpgradeCheck = 1510;
				TargetAttributes = {
					902BBAF12C9306A2003C045E = {
						CreatedOnToolsVersion = 15.1;
					};
				};
			};
			buildConfigurationList = 902BBAED2C9306A2003C045E /* Build configuration list for PBXProject "KillerGramV1" */;
			compatibilityVersion = "Xcode 14.0";
			developmentRegion = en;
			hasScannedForEncodings = 0;
			knownRegions = (
				en,
				Base,
			);
			mainGroup = 902BBAE92C9306A2003C045E;
			productRefGroup = 902BBAF32C9306A2003C045E /* Products */;
			projectDirPath = "";
			projectRoot = "";
			targets = (
				902BBAF12C9306A2003C045E /* KillerGramV1 */,
			);
		};
/* End PBXProject section */

/* Begin PBXResourcesBuildPhase section */
		902BBAF02C9306A2003C045E /* Resources */ = {
			isa = PBXResourcesBuildPhase;
			buildActionMask = 2147483647;
			files = (
				907291742C9306D900837C84 /* Assets.xcassets in Resources */,
				907291762C9306D900837C84 /* Pretendard-Regular.otf in Resources */,
				907291752C9306D900837C84 /* LaunchScreen.storyboard in Resources */,
				907291782C9306D900837C84 /* Info.plist in Resources */,
				907291772C9306D900837C84 /* Pretendard-SemiBold.otf in Resources */,
			);
			runOnlyForDeploymentPostprocessing = 0;
		};
/* End PBXResourcesBuildPhase section */

/* Begin PBXSourcesBuildPhase section */
		902BBAEE2C9306A2003C045E /* Sources */ = {
			isa = PBXSourcesBuildPhase;
			buildActionMask = 2147483647;
			files = (
				907291882C9306D900837C84 /* LoginViewController.swift in Sources */,
				9072917F2C9306D900837C84 /* FillStudentNumberViewModel.swift in Sources */,
				907291852C9306D900837C84 /* FindPasswordSendEmailViewModel.swift in Sources */,
				907291812C9306D900837C84 /* GenderViewController.swift in Sources */,
				907291702C9306D900837C84 /* KillerGramFont.swift in Sources */,
				9072916F2C9306D900837C84 /* KillerGramFontStyle.swift in Sources */,
				9072917C2C9306D900837C84 /* SigninSendEmailViewController.swift in Sources */,
				9072917E2C9306D900837C84 /* SigninCheckViewModel.swift in Sources */,
				9072916B2C9306D900837C84 /* KGLabel.swift in Sources */,
				907291872C9306D900837C84 /* LoginViewModel.swift in Sources */,
				9072916E2C9306D900837C84 /* KGButtonStyle.swift in Sources */,
				907291692C9306D900837C84 /* UIButton+setUnderLine.swift in Sources */,
				907291802C9306D900837C84 /* FillStudentNumberViewController.swift in Sources */,
				9072916A2C9306D900837C84 /* KGStepBar.swift in Sources */,
				907291862C9306D900837C84 /* FindPasswordSendEmailViewController.swift in Sources */,
				9072916C2C9306D900837C84 /* KGTextField.swift in Sources */,
				907291732C9306D900837C84 /* SceneDelegate.swift in Sources */,
				9072917B2C9306D900837C84 /* SignupSendViewModel.swift in Sources */,
				907291822C9306D900837C84 /* GenderViewModel.swift in Sources */,
				907291792C9306D900837C84 /* SetPasswordViewController.swift in Sources */,
				907291832C9306D900837C84 /* FillNameViewModel.swift in Sources */,
				907291712C9306D900837C84 /* PretendardFontStyle.swift in Sources */,
				9072917D2C9306D900837C84 /* SigninCheckEmailViewController.swift in Sources */,
				907291722C9306D900837C84 /* AppDelegate.swift in Sources */,
				907291842C9306D900837C84 /* FillNameViewController.swift in Sources */,
				9072917A2C9306D900837C84 /* SetPasswordViewModel.swift in Sources */,
				9072916D2C9306D900837C84 /* KGButton.swift in Sources */,
			);
			runOnlyForDeploymentPostprocessing = 0;
		};
/* End PBXSourcesBuildPhase section */

/* Begin PBXVariantGroup section */
		907291412C9306D900837C84 /* LaunchScreen.storyboard */ = {
			isa = PBXVariantGroup;
			children = (
				907291422C9306D900837C84 /* Base */,
			);
			name = LaunchScreen.storyboard;
			sourceTree = "<group>";
		};
/* End PBXVariantGroup section */

/* Begin XCBuildConfiguration section */
		902BBB042C9306A2003C045E /* Debug */ = {
			isa = XCBuildConfiguration;
			buildSettings = {
				ALWAYS_SEARCH_USER_PATHS = NO;
				ASSETCATALOG_COMPILER_GENERATE_SWIFT_ASSET_SYMBOL_EXTENSIONS = YES;
				CLANG_ANALYZER_NONNULL = YES;
				CLANG_ANALYZER_NUMBER_OBJECT_CONVERSION = YES_AGGRESSIVE;
				CLANG_CXX_LANGUAGE_STANDARD = "gnu++20";
				CLANG_ENABLE_MODULES = YES;
				CLANG_ENABLE_OBJC_ARC = YES;
				CLANG_ENABLE_OBJC_WEAK = YES;
				CLANG_WARN_BLOCK_CAPTURE_AUTORELEASING = YES;
				CLANG_WARN_BOOL_CONVERSION = YES;
				CLANG_WARN_COMMA = YES;
				CLANG_WARN_CONSTANT_CONVERSION = YES;
				CLANG_WARN_DEPRECATED_OBJC_IMPLEMENTATIONS = YES;
				CLANG_WARN_DIRECT_OBJC_ISA_USAGE = YES_ERROR;
				CLANG_WARN_DOCUMENTATION_COMMENTS = YES;
				CLANG_WARN_EMPTY_BODY = YES;
				CLANG_WARN_ENUM_CONVERSION = YES;
				CLANG_WARN_INFINITE_RECURSION = YES;
				CLANG_WARN_INT_CONVERSION = YES;
				CLANG_WARN_NON_LITERAL_NULL_CONVERSION = YES;
				CLANG_WARN_OBJC_IMPLICIT_RETAIN_SELF = YES;
				CLANG_WARN_OBJC_LITERAL_CONVERSION = YES;
				CLANG_WARN_OBJC_ROOT_CLASS = YES_ERROR;
				CLANG_WARN_QUOTED_INCLUDE_IN_FRAMEWORK_HEADER = YES;
				CLANG_WARN_RANGE_LOOP_ANALYSIS = YES;
				CLANG_WARN_STRICT_PROTOTYPES = YES;
				CLANG_WARN_SUSPICIOUS_MOVE = YES;
				CLANG_WARN_UNGUARDED_AVAILABILITY = YES_AGGRESSIVE;
				CLANG_WARN_UNREACHABLE_CODE = YES;
				CLANG_WARN__DUPLICATE_METHOD_MATCH = YES;
				COPY_PHASE_STRIP = NO;
				DEBUG_INFORMATION_FORMAT = dwarf;
				ENABLE_STRICT_OBJC_MSGSEND = YES;
				ENABLE_TESTABILITY = YES;
				ENABLE_USER_SCRIPT_SANDBOXING = YES;
				GCC_C_LANGUAGE_STANDARD = gnu17;
				GCC_DYNAMIC_NO_PIC = NO;
				GCC_NO_COMMON_BLOCKS = YES;
				GCC_OPTIMIZATION_LEVEL = 0;
				GCC_PREPROCESSOR_DEFINITIONS = (
					"DEBUG=1",
					"$(inherited)",
				);
				GCC_WARN_64_TO_32_BIT_CONVERSION = YES;
				GCC_WARN_ABOUT_RETURN_TYPE = YES_ERROR;
				GCC_WARN_UNDECLARED_SELECTOR = YES;
				GCC_WARN_UNINITIALIZED_AUTOS = YES_AGGRESSIVE;
				GCC_WARN_UNUSED_FUNCTION = YES;
				GCC_WARN_UNUSED_VARIABLE = YES;
				IPHONEOS_DEPLOYMENT_TARGET = 17.2;
				LOCALIZATION_PREFERS_STRING_CATALOGS = YES;
				MTL_ENABLE_DEBUG_INFO = INCLUDE_SOURCE;
				MTL_FAST_MATH = YES;
				ONLY_ACTIVE_ARCH = YES;
				SDKROOT = iphoneos;
				SWIFT_ACTIVE_COMPILATION_CONDITIONS = "DEBUG $(inherited)";
				SWIFT_OPTIMIZATION_LEVEL = "-Onone";
			};
			name = Debug;
		};
		902BBB052C9306A2003C045E /* Release */ = {
			isa = XCBuildConfiguration;
			buildSettings = {
				ALWAYS_SEARCH_USER_PATHS = NO;
				ASSETCATALOG_COMPILER_GENERATE_SWIFT_ASSET_SYMBOL_EXTENSIONS = YES;
				CLANG_ANALYZER_NONNULL = YES;
				CLANG_ANALYZER_NUMBER_OBJECT_CONVERSION = YES_AGGRESSIVE;
				CLANG_CXX_LANGUAGE_STANDARD = "gnu++20";
				CLANG_ENABLE_MODULES = YES;
				CLANG_ENABLE_OBJC_ARC = YES;
				CLANG_ENABLE_OBJC_WEAK = YES;
				CLANG_WARN_BLOCK_CAPTURE_AUTORELEASING = YES;
				CLANG_WARN_BOOL_CONVERSION = YES;
				CLANG_WARN_COMMA = YES;
				CLANG_WARN_CONSTANT_CONVERSION = YES;
				CLANG_WARN_DEPRECATED_OBJC_IMPLEMENTATIONS = YES;
				CLANG_WARN_DIRECT_OBJC_ISA_USAGE = YES_ERROR;
				CLANG_WARN_DOCUMENTATION_COMMENTS = YES;
				CLANG_WARN_EMPTY_BODY = YES;
				CLANG_WARN_ENUM_CONVERSION = YES;
				CLANG_WARN_INFINITE_RECURSION = YES;
				CLANG_WARN_INT_CONVERSION = YES;
				CLANG_WARN_NON_LITERAL_NULL_CONVERSION = YES;
				CLANG_WARN_OBJC_IMPLICIT_RETAIN_SELF = YES;
				CLANG_WARN_OBJC_LITERAL_CONVERSION = YES;
				CLANG_WARN_OBJC_ROOT_CLASS = YES_ERROR;
				CLANG_WARN_QUOTED_INCLUDE_IN_FRAMEWORK_HEADER = YES;
				CLANG_WARN_RANGE_LOOP_ANALYSIS = YES;
				CLANG_WARN_STRICT_PROTOTYPES = YES;
				CLANG_WARN_SUSPICIOUS_MOVE = YES;
				CLANG_WARN_UNGUARDED_AVAILABILITY = YES_AGGRESSIVE;
				CLANG_WARN_UNREACHABLE_CODE = YES;
				CLANG_WARN__DUPLICATE_METHOD_MATCH = YES;
				COPY_PHASE_STRIP = NO;
				DEBUG_INFORMATION_FORMAT = "dwarf-with-dsym";
				ENABLE_NS_ASSERTIONS = NO;
				ENABLE_STRICT_OBJC_MSGSEND = YES;
				ENABLE_USER_SCRIPT_SANDBOXING = YES;
				GCC_C_LANGUAGE_STANDARD = gnu17;
				GCC_NO_COMMON_BLOCKS = YES;
				GCC_WARN_64_TO_32_BIT_CONVERSION = YES;
				GCC_WARN_ABOUT_RETURN_TYPE = YES_ERROR;
				GCC_WARN_UNDECLARED_SELECTOR = YES;
				GCC_WARN_UNINITIALIZED_AUTOS = YES_AGGRESSIVE;
				GCC_WARN_UNUSED_FUNCTION = YES;
				GCC_WARN_UNUSED_VARIABLE = YES;
				IPHONEOS_DEPLOYMENT_TARGET = 17.2;
				LOCALIZATION_PREFERS_STRING_CATALOGS = YES;
				MTL_ENABLE_DEBUG_INFO = NO;
				MTL_FAST_MATH = YES;
				SDKROOT = iphoneos;
				SWIFT_COMPILATION_MODE = wholemodule;
				VALIDATE_PRODUCT = YES;
			};
			name = Release;
		};
		902BBB072C9306A2003C045E /* Debug */ = {
			isa = XCBuildConfiguration;
			buildSettings = {
				ASSETCATALOG_COMPILER_APPICON_NAME = AppIcon;
				ASSETCATALOG_COMPILER_GLOBAL_ACCENT_COLOR_NAME = AccentColor;
				CODE_SIGN_STYLE = Automatic;
				CURRENT_PROJECT_VERSION = 1;
				GENERATE_INFOPLIST_FILE = YES;
				INFOPLIST_FILE = KillerGramV1/Info.plist;
				INFOPLIST_KEY_UIApplicationSupportsIndirectInputEvents = YES;
				INFOPLIST_KEY_UILaunchStoryboardName = LaunchScreen;
				INFOPLIST_KEY_UIMainStoryboardFile = Main;
				INFOPLIST_KEY_UISupportedInterfaceOrientations_iPad = "UIInterfaceOrientationPortrait UIInterfaceOrientationPortraitUpsideDown UIInterfaceOrientationLandscapeLeft UIInterfaceOrientationLandscapeRight";
				INFOPLIST_KEY_UISupportedInterfaceOrientations_iPhone = "UIInterfaceOrientationPortrait UIInterfaceOrientationLandscapeLeft UIInterfaceOrientationLandscapeRight";
				LD_RUNPATH_SEARCH_PATHS = (
					"$(inherited)",
					"@executable_path/Frameworks",
				);
				MARKETING_VERSION = 1.0;
				PRODUCT_BUNDLE_IDENTIFIER = com.hyeonseog.KillerGramV1;
				PRODUCT_NAME = "$(TARGET_NAME)";
				SWIFT_EMIT_LOC_STRINGS = YES;
				SWIFT_VERSION = 5.0;
				TARGETED_DEVICE_FAMILY = "1,2";
			};
			name = Debug;
		};
		902BBB082C9306A2003C045E /* Release */ = {
			isa = XCBuildConfiguration;
			buildSettings = {
				ASSETCATALOG_COMPILER_APPICON_NAME = AppIcon;
				ASSETCATALOG_COMPILER_GLOBAL_ACCENT_COLOR_NAME = AccentColor;
				CODE_SIGN_STYLE = Automatic;
				CURRENT_PROJECT_VERSION = 1;
				GENERATE_INFOPLIST_FILE = YES;
				INFOPLIST_FILE = KillerGramV1/Info.plist;
				INFOPLIST_KEY_UIApplicationSupportsIndirectInputEvents = YES;
				INFOPLIST_KEY_UILaunchStoryboardName = LaunchScreen;
				INFOPLIST_KEY_UIMainStoryboardFile = Main;
				INFOPLIST_KEY_UISupportedInterfaceOrientations_iPad = "UIInterfaceOrientationPortrait UIInterfaceOrientationPortraitUpsideDown UIInterfaceOrientationLandscapeLeft UIInterfaceOrientationLandscapeRight";
				INFOPLIST_KEY_UISupportedInterfaceOrientations_iPhone = "UIInterfaceOrientationPortrait UIInterfaceOrientationLandscapeLeft UIInterfaceOrientationLandscapeRight";
				LD_RUNPATH_SEARCH_PATHS = (
					"$(inherited)",
					"@executable_path/Frameworks",
				);
				MARKETING_VERSION = 1.0;
				PRODUCT_BUNDLE_IDENTIFIER = com.hyeonseog.KillerGramV1;
				PRODUCT_NAME = "$(TARGET_NAME)";
				SWIFT_EMIT_LOC_STRINGS = YES;
				SWIFT_VERSION = 5.0;
				TARGETED_DEVICE_FAMILY = "1,2";
			};
			name = Release;
		};
/* End XCBuildConfiguration section */

/* Begin XCConfigurationList section */
		902BBAED2C9306A2003C045E /* Build configuration list for PBXProject "KillerGramV1" */ = {
			isa = XCConfigurationList;
			buildConfigurations = (
				902BBB042C9306A2003C045E /* Debug */,
				902BBB052C9306A2003C045E /* Release */,
			);
			defaultConfigurationIsVisible = 0;
			defaultConfigurationName = Release;
		};
		902BBB062C9306A2003C045E /* Build configuration list for PBXNativeTarget "KillerGramV1" */ = {
			isa = XCConfigurationList;
			buildConfigurations = (
				902BBB072C9306A2003C045E /* Debug */,
				902BBB082C9306A2003C045E /* Release */,
			);
			defaultConfigurationIsVisible = 0;
			defaultConfigurationName = Release;
		};
/* End XCConfigurationList section */
	};
	rootObject = 902BBAEA2C9306A2003C045E /* Project object */;
}
