// !$*UTF8*$!
{
	archiveVersion = 1;
	classes = {
	};
	objectVersion = 56;
	objects = {

/* Begin PBXBuildFile section */
		672D80A52C8AD303005E7062 /* KGTextField.swift in Sources */ = {isa = PBXBuildFile; fileRef = 672D80A42C8AD303005E7062 /* KGTextField.swift */; };
		672D80A82C8AD4E9005E7062 /* KGButton.swift in Sources */ = {isa = PBXBuildFile; fileRef = 672D80A72C8AD4E9005E7062 /* KGButton.swift */; };
		672D80AA2C8AD58D005E7062 /* KGButtonStyle.swift in Sources */ = {isa = PBXBuildFile; fileRef = 672D80A92C8AD58D005E7062 /* KGButtonStyle.swift */; };
		902D5AEA2C8B09850077AAC2 /* KGLabel.swift in Sources */ = {isa = PBXBuildFile; fileRef = 902D5AE92C8B09850077AAC2 /* KGLabel.swift */; };
		902D5AED2C8B1DDC0077AAC2 /* SigninCheckEmailViewController.swift in Sources */ = {isa = PBXBuildFile; fileRef = 902D5AEC2C8B1DDC0077AAC2 /* SigninCheckEmailViewController.swift */; };
		90374B982C85E96700F0F7BC /* AppDelegate.swift in Sources */ = {isa = PBXBuildFile; fileRef = 90374B972C85E96700F0F7BC /* AppDelegate.swift */; };
		90374B9A2C85E96700F0F7BC /* SceneDelegate.swift in Sources */ = {isa = PBXBuildFile; fileRef = 90374B992C85E96700F0F7BC /* SceneDelegate.swift */; };
		90374BA12C85E96700F0F7BC /* Assets.xcassets in Resources */ = {isa = PBXBuildFile; fileRef = 90374BA02C85E96700F0F7BC /* Assets.xcassets */; };
		90374BA42C85E96700F0F7BC /* LaunchScreen.storyboard in Resources */ = {isa = PBXBuildFile; fileRef = 90374BA22C85E96700F0F7BC /* LaunchScreen.storyboard */; };
		90374BB22C85E99300F0F7BC /* Then in Frameworks */ = {isa = PBXBuildFile; productRef = 90374BB12C85E99300F0F7BC /* Then */; };
		90374BB52C85F34400F0F7BC /* CombineMoya in Frameworks */ = {isa = PBXBuildFile; productRef = 90374BB42C85F34400F0F7BC /* CombineMoya */; };
		90374BB72C85F34400F0F7BC /* Moya in Frameworks */ = {isa = PBXBuildFile; productRef = 90374BB62C85F34400F0F7BC /* Moya */; };
		90374BB92C85F34400F0F7BC /* ReactiveMoya in Frameworks */ = {isa = PBXBuildFile; productRef = 90374BB82C85F34400F0F7BC /* ReactiveMoya */; };
		90374BBB2C85F34400F0F7BC /* RxMoya in Frameworks */ = {isa = PBXBuildFile; productRef = 90374BBA2C85F34400F0F7BC /* RxMoya */; };
		90374BC82C86810100F0F7BC /* LoginViewController.swift in Sources */ = {isa = PBXBuildFile; fileRef = 90374BC72C86810100F0F7BC /* LoginViewController.swift */; };
		90374BD12C86FC4400F0F7BC /* LoginViewModel.swift in Sources */ = {isa = PBXBuildFile; fileRef = 90374BD02C86FC4400F0F7BC /* LoginViewModel.swift */; };
		90374BD42C86FC7C00F0F7BC /* SignupSendViewModel.swift in Sources */ = {isa = PBXBuildFile; fileRef = 90374BD32C86FC7C00F0F7BC /* SignupSendViewModel.swift */; };
		9048AA9C2C91D6FE0073AEFF /* KGStepBar.swift in Sources */ = {isa = PBXBuildFile; fileRef = 9048AA9B2C91D6FE0073AEFF /* KGStepBar.swift */; };
		9048AAA02C91DBCD0073AEFF /* FillNameViewController.swift in Sources */ = {isa = PBXBuildFile; fileRef = 9048AA9F2C91DBCD0073AEFF /* FillNameViewController.swift */; };
		9048AAA22C91DBF10073AEFF /* FillNameViewModel.swift in Sources */ = {isa = PBXBuildFile; fileRef = 9048AAA12C91DBF10073AEFF /* FillNameViewModel.swift */; };
		9048AAA52C92B7830073AEFF /* FillStudentNumberViewController.swift in Sources */ = {isa = PBXBuildFile; fileRef = 9048AAA42C92B7830073AEFF /* FillStudentNumberViewController.swift */; };
		9048AAA72C92B7950073AEFF /* FillStudentNumberViewModel.swift in Sources */ = {isa = PBXBuildFile; fileRef = 9048AAA62C92B7950073AEFF /* FillStudentNumberViewModel.swift */; };
		904D88202C871817007EEE16 /* PretendardFontStyle.swift in Sources */ = {isa = PBXBuildFile; fileRef = 904D881F2C871817007EEE16 /* PretendardFontStyle.swift */; };
		904D88222C871875007EEE16 /* KillerGramFont.swift in Sources */ = {isa = PBXBuildFile; fileRef = 904D88212C871875007EEE16 /* KillerGramFont.swift */; };
		904D88242C871A71007EEE16 /* KillerGramFontStyle.swift in Sources */ = {isa = PBXBuildFile; fileRef = 904D88232C871A71007EEE16 /* KillerGramFontStyle.swift */; };
		906C9AF42C92C30400E0E9A9 /* GenderViewController.swift in Sources */ = {isa = PBXBuildFile; fileRef = 906C9AF32C92C30400E0E9A9 /* GenderViewController.swift */; };
		906C9AF62C92C30C00E0E9A9 /* GenderViewModel.swift in Sources */ = {isa = PBXBuildFile; fileRef = 906C9AF52C92C30C00E0E9A9 /* GenderViewModel.swift */; };
		90750F7D2C91A19B00B291A6 /* SetPasswordViewController.swift in Sources */ = {isa = PBXBuildFile; fileRef = 90750F7C2C91A19B00B291A6 /* SetPasswordViewController.swift */; };
		90750F7F2C91A1A900B291A6 /* SetPasswordViewModel.swift in Sources */ = {isa = PBXBuildFile; fileRef = 90750F7E2C91A1A900B291A6 /* SetPasswordViewModel.swift */; };
		9077EBC52C8716DE0044ED9E /* Pretendard-SemiBold.otf in Resources */ = {isa = PBXBuildFile; fileRef = 9077EBC32C8716DE0044ED9E /* Pretendard-SemiBold.otf */; };
		9077EBC62C8716DE0044ED9E /* Pretendard-Regular.otf in Resources */ = {isa = PBXBuildFile; fileRef = 9077EBC42C8716DE0044ED9E /* Pretendard-Regular.otf */; };
		908C9CA32C93000000F4B3BA /* FindPasswordSendEmailViewController.swift in Sources */ = {isa = PBXBuildFile; fileRef = 908C9CA22C93000000F4B3BA /* FindPasswordSendEmailViewController.swift */; };
		908C9CA52C93000B00F4B3BA /* FindPasswordSendEmailViewModel.swift in Sources */ = {isa = PBXBuildFile; fileRef = 908C9CA42C93000B00F4B3BA /* FindPasswordSendEmailViewModel.swift */; };
		9099ADD02C903A0400FCA3C8 /* UIButton+setUnderLine.swift in Sources */ = {isa = PBXBuildFile; fileRef = 9099ADCF2C903A0400FCA3C8 /* UIButton+setUnderLine.swift */; };
		9099ADD32C904CA500FCA3C8 /* SigninCheckViewModel.swift in Sources */ = {isa = PBXBuildFile; fileRef = 9099ADD22C904CA500FCA3C8 /* SigninCheckViewModel.swift */; };
		90B527662C89BE48006752AD /* SigninSendEmailViewController.swift in Sources */ = {isa = PBXBuildFile; fileRef = 90B527652C89BE48006752AD /* SigninSendEmailViewController.swift */; };
		90BB6C522C9D80010074DC9A /* KGEverydaySprotsImageView.swift in Sources */ = {isa = PBXBuildFile; fileRef = 90BB6C512C9D80010074DC9A /* KGEverydaySprotsImageView.swift */; };
		90BB6C542C9D82F30074DC9A /* KGEverydatSprotsView.swift in Sources */ = {isa = PBXBuildFile; fileRef = 90BB6C532C9D82F30074DC9A /* KGEverydatSprotsView.swift */; };
		90BB6C572C9D8CF90074DC9A /* PingpongViewController.swift in Sources */ = {isa = PBXBuildFile; fileRef = 90BB6C562C9D8CF90074DC9A /* PingpongViewController.swift */; };
		90BB6C592C9D8D060074DC9A /* PingpongViewModel.swift in Sources */ = {isa = PBXBuildFile; fileRef = 90BB6C582C9D8D060074DC9A /* PingpongViewModel.swift */; };
		90F632772C9314A7000B1D99 /* RxCocoa in Frameworks */ = {isa = PBXBuildFile; productRef = 90F632762C9314A7000B1D99 /* RxCocoa */; };
		90F632792C9314A7000B1D99 /* RxRelay in Frameworks */ = {isa = PBXBuildFile; productRef = 90F632782C9314A7000B1D99 /* RxRelay */; };
		90F6327B2C9314A7000B1D99 /* RxSwift in Frameworks */ = {isa = PBXBuildFile; productRef = 90F6327A2C9314A7000B1D99 /* RxSwift */; };
		90F6327E2C93169F000B1D99 /* LevelViewController.swift in Sources */ = {isa = PBXBuildFile; fileRef = 90F6327D2C93169F000B1D99 /* LevelViewController.swift */; };
		90F632802C9316A8000B1D99 /* LevelViewModel.swift in Sources */ = {isa = PBXBuildFile; fileRef = 90F6327F2C9316A8000B1D99 /* LevelViewModel.swift */; };
		90F632822C931DDF000B1D99 /* FindPasswordCheckViewController.swift in Sources */ = {isa = PBXBuildFile; fileRef = 90F632812C931DDF000B1D99 /* FindPasswordCheckViewController.swift */; };
		90F632842C931DF3000B1D99 /* FindPasswordCheckViewModel.swift in Sources */ = {isa = PBXBuildFile; fileRef = 90F632832C931DF3000B1D99 /* FindPasswordCheckViewModel.swift */; };
		90F632872C932743000B1D99 /* SnapKit in Frameworks */ = {isa = PBXBuildFile; productRef = 90F632862C932743000B1D99 /* SnapKit */; };
		90F6328A2C9328FD000B1D99 /* BaseViewController.swift in Sources */ = {isa = PBXBuildFile; fileRef = 90F632892C9328FD000B1D99 /* BaseViewController.swift */; };
		90F6328F2C96CC37000B1D99 /* SetNewPasswordViewController.swift in Sources */ = {isa = PBXBuildFile; fileRef = 90F6328E2C96CC37000B1D99 /* SetNewPasswordViewController.swift */; };
		90F632912C96CC47000B1D99 /* SetNewPasswordViewModel.swift in Sources */ = {isa = PBXBuildFile; fileRef = 90F632902C96CC47000B1D99 /* SetNewPasswordViewModel.swift */; };
		90F632952C96D242000B1D99 /* MainViewController.swift in Sources */ = {isa = PBXBuildFile; fileRef = 90F632942C96D242000B1D99 /* MainViewController.swift */; };
		90F632972C96D24C000B1D99 /* MainViewModel.swift in Sources */ = {isa = PBXBuildFile; fileRef = 90F632962C96D24C000B1D99 /* MainViewModel.swift */; };
		90F6329A2C9D4B0E000B1D99 /* KGMainTitleView.swift in Sources */ = {isa = PBXBuildFile; fileRef = 90F632992C9D4B0E000B1D99 /* KGMainTitleView.swift */; };
		90F632A52C9D54AA000B1D99 /* KGSettingImageView.swift in Sources */ = {isa = PBXBuildFile; fileRef = 90F632A42C9D54AA000B1D99 /* KGSettingImageView.swift */; };
		90F632A72C9D54B8000B1D99 /* KGLogoImageView.swift in Sources */ = {isa = PBXBuildFile; fileRef = 90F632A62C9D54B8000B1D99 /* KGLogoImageView.swift */; };
		90F632AD2C9D5E1B000B1D99 /* KGTodaySprotsView.swift in Sources */ = {isa = PBXBuildFile; fileRef = 90F632AC2C9D5E1B000B1D99 /* KGTodaySprotsView.swift */; };
/* End PBXBuildFile section */

/* Begin PBXFileReference section */
		672D80A42C8AD303005E7062 /* KGTextField.swift */ = {isa = PBXFileReference; lastKnownFileType = sourcecode.swift; path = KGTextField.swift; sourceTree = "<group>"; };
		672D80A72C8AD4E9005E7062 /* KGButton.swift */ = {isa = PBXFileReference; lastKnownFileType = sourcecode.swift; path = KGButton.swift; sourceTree = "<group>"; };
		672D80A92C8AD58D005E7062 /* KGButtonStyle.swift */ = {isa = PBXFileReference; lastKnownFileType = sourcecode.swift; path = KGButtonStyle.swift; sourceTree = "<group>"; };
		902D5AE92C8B09850077AAC2 /* KGLabel.swift */ = {isa = PBXFileReference; lastKnownFileType = sourcecode.swift; path = KGLabel.swift; sourceTree = "<group>"; };
		902D5AEC2C8B1DDC0077AAC2 /* SigninCheckEmailViewController.swift */ = {isa = PBXFileReference; lastKnownFileType = sourcecode.swift; path = SigninCheckEmailViewController.swift; sourceTree = "<group>"; };
		90374B942C85E96700F0F7BC /* KillerGramV1.app */ = {isa = PBXFileReference; explicitFileType = wrapper.application; includeInIndex = 0; path = KillerGramV1.app; sourceTree = BUILT_PRODUCTS_DIR; };
		90374B972C85E96700F0F7BC /* AppDelegate.swift */ = {isa = PBXFileReference; lastKnownFileType = sourcecode.swift; path = AppDelegate.swift; sourceTree = "<group>"; };
		90374B992C85E96700F0F7BC /* SceneDelegate.swift */ = {isa = PBXFileReference; lastKnownFileType = sourcecode.swift; path = SceneDelegate.swift; sourceTree = "<group>"; };
		90374BA02C85E96700F0F7BC /* Assets.xcassets */ = {isa = PBXFileReference; lastKnownFileType = folder.assetcatalog; path = Assets.xcassets; sourceTree = "<group>"; };
		90374BA32C85E96700F0F7BC /* Base */ = {isa = PBXFileReference; lastKnownFileType = file.storyboard; name = Base; path = Base.lproj/LaunchScreen.storyboard; sourceTree = "<group>"; };
		90374BA52C85E96700F0F7BC /* Info.plist */ = {isa = PBXFileReference; lastKnownFileType = text.plist.xml; path = Info.plist; sourceTree = "<group>"; };
		90374BC72C86810100F0F7BC /* LoginViewController.swift */ = {isa = PBXFileReference; lastKnownFileType = sourcecode.swift; path = LoginViewController.swift; sourceTree = "<group>"; };
		90374BD02C86FC4400F0F7BC /* LoginViewModel.swift */ = {isa = PBXFileReference; lastKnownFileType = sourcecode.swift; path = LoginViewModel.swift; sourceTree = "<group>"; };
		90374BD32C86FC7C00F0F7BC /* SignupSendViewModel.swift */ = {isa = PBXFileReference; lastKnownFileType = sourcecode.swift; path = SignupSendViewModel.swift; sourceTree = "<group>"; };
		9048AA9B2C91D6FE0073AEFF /* KGStepBar.swift */ = {isa = PBXFileReference; lastKnownFileType = sourcecode.swift; path = KGStepBar.swift; sourceTree = "<group>"; };
		9048AA9F2C91DBCD0073AEFF /* FillNameViewController.swift */ = {isa = PBXFileReference; lastKnownFileType = sourcecode.swift; path = FillNameViewController.swift; sourceTree = "<group>"; };
		9048AAA12C91DBF10073AEFF /* FillNameViewModel.swift */ = {isa = PBXFileReference; lastKnownFileType = sourcecode.swift; path = FillNameViewModel.swift; sourceTree = "<group>"; };
		9048AAA42C92B7830073AEFF /* FillStudentNumberViewController.swift */ = {isa = PBXFileReference; lastKnownFileType = sourcecode.swift; path = FillStudentNumberViewController.swift; sourceTree = "<group>"; };
		9048AAA62C92B7950073AEFF /* FillStudentNumberViewModel.swift */ = {isa = PBXFileReference; lastKnownFileType = sourcecode.swift; path = FillStudentNumberViewModel.swift; sourceTree = "<group>"; };
		904D881F2C871817007EEE16 /* PretendardFontStyle.swift */ = {isa = PBXFileReference; lastKnownFileType = sourcecode.swift; path = PretendardFontStyle.swift; sourceTree = "<group>"; };
		904D88212C871875007EEE16 /* KillerGramFont.swift */ = {isa = PBXFileReference; lastKnownFileType = sourcecode.swift; path = KillerGramFont.swift; sourceTree = "<group>"; };
		904D88232C871A71007EEE16 /* KillerGramFontStyle.swift */ = {isa = PBXFileReference; lastKnownFileType = sourcecode.swift; path = KillerGramFontStyle.swift; sourceTree = "<group>"; };
		906C9AF32C92C30400E0E9A9 /* GenderViewController.swift */ = {isa = PBXFileReference; lastKnownFileType = sourcecode.swift; path = GenderViewController.swift; sourceTree = "<group>"; };
		906C9AF52C92C30C00E0E9A9 /* GenderViewModel.swift */ = {isa = PBXFileReference; lastKnownFileType = sourcecode.swift; path = GenderViewModel.swift; sourceTree = "<group>"; };
		90750F7C2C91A19B00B291A6 /* SetPasswordViewController.swift */ = {isa = PBXFileReference; lastKnownFileType = sourcecode.swift; path = SetPasswordViewController.swift; sourceTree = "<group>"; };
		90750F7E2C91A1A900B291A6 /* SetPasswordViewModel.swift */ = {isa = PBXFileReference; lastKnownFileType = sourcecode.swift; path = SetPasswordViewModel.swift; sourceTree = "<group>"; };
		9077EBC32C8716DE0044ED9E /* Pretendard-SemiBold.otf */ = {isa = PBXFileReference; lastKnownFileType = file; path = "Pretendard-SemiBold.otf"; sourceTree = "<group>"; };
		9077EBC42C8716DE0044ED9E /* Pretendard-Regular.otf */ = {isa = PBXFileReference; lastKnownFileType = file; path = "Pretendard-Regular.otf"; sourceTree = "<group>"; };
		908C9CA22C93000000F4B3BA /* FindPasswordSendEmailViewController.swift */ = {isa = PBXFileReference; lastKnownFileType = sourcecode.swift; path = FindPasswordSendEmailViewController.swift; sourceTree = "<group>"; };
		908C9CA42C93000B00F4B3BA /* FindPasswordSendEmailViewModel.swift */ = {isa = PBXFileReference; lastKnownFileType = sourcecode.swift; path = FindPasswordSendEmailViewModel.swift; sourceTree = "<group>"; };
		9099ADCF2C903A0400FCA3C8 /* UIButton+setUnderLine.swift */ = {isa = PBXFileReference; lastKnownFileType = sourcecode.swift; path = "UIButton+setUnderLine.swift"; sourceTree = "<group>"; };
		9099ADD22C904CA500FCA3C8 /* SigninCheckViewModel.swift */ = {isa = PBXFileReference; lastKnownFileType = sourcecode.swift; path = SigninCheckViewModel.swift; sourceTree = "<group>"; };
		90B527652C89BE48006752AD /* SigninSendEmailViewController.swift */ = {isa = PBXFileReference; lastKnownFileType = sourcecode.swift; path = SigninSendEmailViewController.swift; sourceTree = "<group>"; };
		90BB6C512C9D80010074DC9A /* KGEverydaySprotsImageView.swift */ = {isa = PBXFileReference; lastKnownFileType = sourcecode.swift; path = KGEverydaySprotsImageView.swift; sourceTree = "<group>"; };
		90BB6C532C9D82F30074DC9A /* KGEverydatSprotsView.swift */ = {isa = PBXFileReference; lastKnownFileType = sourcecode.swift; path = KGEverydatSprotsView.swift; sourceTree = "<group>"; };
		90BB6C562C9D8CF90074DC9A /* PingpongViewController.swift */ = {isa = PBXFileReference; lastKnownFileType = sourcecode.swift; path = PingpongViewController.swift; sourceTree = "<group>"; };
		90BB6C582C9D8D060074DC9A /* PingpongViewModel.swift */ = {isa = PBXFileReference; lastKnownFileType = sourcecode.swift; path = PingpongViewModel.swift; sourceTree = "<group>"; };
		90F6327D2C93169F000B1D99 /* LevelViewController.swift */ = {isa = PBXFileReference; lastKnownFileType = sourcecode.swift; path = LevelViewController.swift; sourceTree = "<group>"; };
		90F6327F2C9316A8000B1D99 /* LevelViewModel.swift */ = {isa = PBXFileReference; lastKnownFileType = sourcecode.swift; path = LevelViewModel.swift; sourceTree = "<group>"; };
		90F632812C931DDF000B1D99 /* FindPasswordCheckViewController.swift */ = {isa = PBXFileReference; lastKnownFileType = sourcecode.swift; path = FindPasswordCheckViewController.swift; sourceTree = "<group>"; };
		90F632832C931DF3000B1D99 /* FindPasswordCheckViewModel.swift */ = {isa = PBXFileReference; lastKnownFileType = sourcecode.swift; path = FindPasswordCheckViewModel.swift; sourceTree = "<group>"; };
		90F632892C9328FD000B1D99 /* BaseViewController.swift */ = {isa = PBXFileReference; lastKnownFileType = sourcecode.swift; path = BaseViewController.swift; sourceTree = "<group>"; };
		90F6328E2C96CC37000B1D99 /* SetNewPasswordViewController.swift */ = {isa = PBXFileReference; lastKnownFileType = sourcecode.swift; path = SetNewPasswordViewController.swift; sourceTree = "<group>"; };
		90F632902C96CC47000B1D99 /* SetNewPasswordViewModel.swift */ = {isa = PBXFileReference; lastKnownFileType = sourcecode.swift; path = SetNewPasswordViewModel.swift; sourceTree = "<group>"; };
		90F632942C96D242000B1D99 /* MainViewController.swift */ = {isa = PBXFileReference; lastKnownFileType = sourcecode.swift; path = MainViewController.swift; sourceTree = "<group>"; };
		90F632962C96D24C000B1D99 /* MainViewModel.swift */ = {isa = PBXFileReference; lastKnownFileType = sourcecode.swift; path = MainViewModel.swift; sourceTree = "<group>"; };
		90F632992C9D4B0E000B1D99 /* KGMainTitleView.swift */ = {isa = PBXFileReference; lastKnownFileType = sourcecode.swift; path = KGMainTitleView.swift; sourceTree = "<group>"; };
		90F632A42C9D54AA000B1D99 /* KGSettingImageView.swift */ = {isa = PBXFileReference; lastKnownFileType = sourcecode.swift; path = KGSettingImageView.swift; sourceTree = "<group>"; };
		90F632A62C9D54B8000B1D99 /* KGLogoImageView.swift */ = {isa = PBXFileReference; lastKnownFileType = sourcecode.swift; path = KGLogoImageView.swift; sourceTree = "<group>"; };
		90F632AC2C9D5E1B000B1D99 /* KGTodaySprotsView.swift */ = {isa = PBXFileReference; lastKnownFileType = sourcecode.swift; path = KGTodaySprotsView.swift; sourceTree = "<group>"; };
/* End PBXFileReference section */

/* Begin PBXFrameworksBuildPhase section */
		90374B912C85E96700F0F7BC /* Frameworks */ = {
			isa = PBXFrameworksBuildPhase;
			buildActionMask = 2147483647;
			files = (
				90F632792C9314A7000B1D99 /* RxRelay in Frameworks */,
				90F6327B2C9314A7000B1D99 /* RxSwift in Frameworks */,
				90374BB22C85E99300F0F7BC /* Then in Frameworks */,
				90374BB52C85F34400F0F7BC /* CombineMoya in Frameworks */,
				90374BB72C85F34400F0F7BC /* Moya in Frameworks */,
				90374BBB2C85F34400F0F7BC /* RxMoya in Frameworks */,
				90F632872C932743000B1D99 /* SnapKit in Frameworks */,
				90F632772C9314A7000B1D99 /* RxCocoa in Frameworks */,
				90374BB92C85F34400F0F7BC /* ReactiveMoya in Frameworks */,
			);
			runOnlyForDeploymentPostprocessing = 0;
		};
/* End PBXFrameworksBuildPhase section */

/* Begin PBXGroup section */
		672D80A32C8AD2F7005E7062 /* TextField */ = {
			isa = PBXGroup;
			children = (
				672D80A42C8AD303005E7062 /* KGTextField.swift */,
			);
			path = TextField;
			sourceTree = "<group>";
		};
		672D80A62C8AD4D5005E7062 /* Button */ = {
			isa = PBXGroup;
			children = (
				672D80A72C8AD4E9005E7062 /* KGButton.swift */,
				672D80A92C8AD58D005E7062 /* KGButtonStyle.swift */,
			);
			path = Button;
			sourceTree = "<group>";
		};
		902D5AE82C8B09440077AAC2 /* Label */ = {
			isa = PBXGroup;
			children = (
				902D5AE92C8B09850077AAC2 /* KGLabel.swift */,
			);
			path = Label;
			sourceTree = "<group>";
		};
		902D5AEB2C8B1DBA0077AAC2 /* SendEmail */ = {
			isa = PBXGroup;
			children = (
				90B527652C89BE48006752AD /* SigninSendEmailViewController.swift */,
				90374BD32C86FC7C00F0F7BC /* SignupSendViewModel.swift */,
			);
			path = SendEmail;
			sourceTree = "<group>";
		};
		90374B8B2C85E96700F0F7BC = {
			isa = PBXGroup;
			children = (
				90374B962C85E96700F0F7BC /* KillerGramV1 */,
				90374B952C85E96700F0F7BC /* Products */,
			);
			sourceTree = "<group>";
		};
		90374B952C85E96700F0F7BC /* Products */ = {
			isa = PBXGroup;
			children = (
				90374B942C85E96700F0F7BC /* KillerGramV1.app */,
			);
			name = Products;
			sourceTree = "<group>";
		};
		90374B962C85E96700F0F7BC /* KillerGramV1 */ = {
			isa = PBXGroup;
			children = (
				9077EBC12C87158A0044ED9E /* DesignSystem */,
				90374BCB2C86FBD700F0F7BC /* App */,
				90374BCC2C86FBDF00F0F7BC /* Resources */,
				90374BCE2C86FBF800F0F7BC /* Support */,
				90374BCD2C86FBEA00F0F7BC /* Sources */,
			);
			path = KillerGramV1;
			sourceTree = "<group>";
		};
		90374BCB2C86FBD700F0F7BC /* App */ = {
			isa = PBXGroup;
			children = (
				90374B972C85E96700F0F7BC /* AppDelegate.swift */,
				90374B992C85E96700F0F7BC /* SceneDelegate.swift */,
			);
			path = App;
			sourceTree = "<group>";
		};
		90374BCC2C86FBDF00F0F7BC /* Resources */ = {
			isa = PBXGroup;
			children = (
				9077EBC22C8716930044ED9E /* Font */,
				90374BA02C85E96700F0F7BC /* Assets.xcassets */,
				90374BA22C85E96700F0F7BC /* LaunchScreen.storyboard */,
			);
			path = Resources;
			sourceTree = "<group>";
		};
		90374BCD2C86FBEA00F0F7BC /* Sources */ = {
			isa = PBXGroup;
			children = (
				90F632922C96D210000B1D99 /* Main */,
				90F632882C9328E4000B1D99 /* Base */,
				908C9CA02C92FF4B00F4B3BA /* FIndPassword */,
				90374BD22C86FC7100F0F7BC /* Signup */,
				90374BCF2C86FC3A00F0F7BC /* Login */,
			);
			path = Sources;
			sourceTree = "<group>";
		};
		90374BCE2C86FBF800F0F7BC /* Support */ = {
			isa = PBXGroup;
			children = (
				90374BA52C85E96700F0F7BC /* Info.plist */,
			);
			path = Support;
			sourceTree = "<group>";
		};
		90374BCF2C86FC3A00F0F7BC /* Login */ = {
			isa = PBXGroup;
			children = (
				90374BC72C86810100F0F7BC /* LoginViewController.swift */,
				90374BD02C86FC4400F0F7BC /* LoginViewModel.swift */,
			);
			path = Login;
			sourceTree = "<group>";
		};
		90374BD22C86FC7100F0F7BC /* Signup */ = {
			isa = PBXGroup;
			children = (
				9048AA9D2C91DBAF0073AEFF /* Info */,
				90750F7B2C91A17200B291A6 /* Password */,
				9099ADD12C904C8D00FCA3C8 /* CheckEmail */,
				902D5AEB2C8B1DBA0077AAC2 /* SendEmail */,
			);
			path = Signup;
			sourceTree = "<group>";
		};
		9048AA9A2C91D5F70073AEFF /* StepBar */ = {
			isa = PBXGroup;
			children = (
				9048AA9B2C91D6FE0073AEFF /* KGStepBar.swift */,
			);
			path = StepBar;
			sourceTree = "<group>";
		};
		9048AA9D2C91DBAF0073AEFF /* Info */ = {
			isa = PBXGroup;
			children = (
				90F6327C2C931691000B1D99 /* Level */,
				906C9AF22C92C2D500E0E9A9 /* Gender */,
				9048AAA32C92B7170073AEFF /* StudentNumber */,
				9048AA9E2C91DBC10073AEFF /* Name */,
			);
			path = Info;
			sourceTree = "<group>";
		};
		9048AA9E2C91DBC10073AEFF /* Name */ = {
			isa = PBXGroup;
			children = (
				9048AA9F2C91DBCD0073AEFF /* FillNameViewController.swift */,
				9048AAA12C91DBF10073AEFF /* FillNameViewModel.swift */,
			);
			path = Name;
			sourceTree = "<group>";
		};
		9048AAA32C92B7170073AEFF /* StudentNumber */ = {
			isa = PBXGroup;
			children = (
				9048AAA42C92B7830073AEFF /* FillStudentNumberViewController.swift */,
				9048AAA62C92B7950073AEFF /* FillStudentNumberViewModel.swift */,
			);
			path = StudentNumber;
			sourceTree = "<group>";
		};
		906C9AF22C92C2D500E0E9A9 /* Gender */ = {
			isa = PBXGroup;
			children = (
				906C9AF32C92C30400E0E9A9 /* GenderViewController.swift */,
				906C9AF52C92C30C00E0E9A9 /* GenderViewModel.swift */,
			);
			path = Gender;
			sourceTree = "<group>";
		};
		90750F7B2C91A17200B291A6 /* Password */ = {
			isa = PBXGroup;
			children = (
				90750F7C2C91A19B00B291A6 /* SetPasswordViewController.swift */,
				90750F7E2C91A1A900B291A6 /* SetPasswordViewModel.swift */,
			);
			path = Password;
			sourceTree = "<group>";
		};
		9077EBC12C87158A0044ED9E /* DesignSystem */ = {
			isa = PBXGroup;
			children = (
				90BB6C502C9D7E200074DC9A /* EverydaySports */,
				90F632AB2C9D5DFA000B1D99 /* TodaySprots */,
				90F632982C9D4AF8000B1D99 /* MainTitleView */,
				9048AA9A2C91D5F70073AEFF /* StepBar */,
				9099ADCE2C9039EF00FCA3C8 /* Extension */,
				902D5AE82C8B09440077AAC2 /* Label */,
				672D80A62C8AD4D5005E7062 /* Button */,
				672D80A32C8AD2F7005E7062 /* TextField */,
				9077EBC72C8717C20044ED9E /* Font */,
			);
			path = DesignSystem;
			sourceTree = "<group>";
		};
		9077EBC22C8716930044ED9E /* Font */ = {
			isa = PBXGroup;
			children = (
				9077EBC42C8716DE0044ED9E /* Pretendard-Regular.otf */,
				9077EBC32C8716DE0044ED9E /* Pretendard-SemiBold.otf */,
			);
			path = Font;
			sourceTree = "<group>";
		};
		9077EBC72C8717C20044ED9E /* Font */ = {
			isa = PBXGroup;
			children = (
				904D881F2C871817007EEE16 /* PretendardFontStyle.swift */,
				904D88212C871875007EEE16 /* KillerGramFont.swift */,
				904D88232C871A71007EEE16 /* KillerGramFontStyle.swift */,
			);
			path = Font;
			sourceTree = "<group>";
		};
		908C9CA02C92FF4B00F4B3BA /* FIndPassword */ = {
			isa = PBXGroup;
			children = (
				90F6328D2C96CC18000B1D99 /* NewPassword */,
				908C9CA62C93012C00F4B3BA /* CheckEmail */,
				908C9CA12C92FFCE00F4B3BA /* SendEmail */,
			);
			path = FIndPassword;
			sourceTree = "<group>";
		};
		908C9CA12C92FFCE00F4B3BA /* SendEmail */ = {
			isa = PBXGroup;
			children = (
				908C9CA22C93000000F4B3BA /* FindPasswordSendEmailViewController.swift */,
				908C9CA42C93000B00F4B3BA /* FindPasswordSendEmailViewModel.swift */,
			);
			path = SendEmail;
			sourceTree = "<group>";
		};
		908C9CA62C93012C00F4B3BA /* CheckEmail */ = {
			isa = PBXGroup;
			children = (
				90F632812C931DDF000B1D99 /* FindPasswordCheckViewController.swift */,
				90F632832C931DF3000B1D99 /* FindPasswordCheckViewModel.swift */,
			);
			path = CheckEmail;
			sourceTree = "<group>";
		};
		9099ADCE2C9039EF00FCA3C8 /* Extension */ = {
			isa = PBXGroup;
			children = (
				9099ADCF2C903A0400FCA3C8 /* UIButton+setUnderLine.swift */,
			);
			path = Extension;
			sourceTree = "<group>";
		};
		9099ADD12C904C8D00FCA3C8 /* CheckEmail */ = {
			isa = PBXGroup;
			children = (
				902D5AEC2C8B1DDC0077AAC2 /* SigninCheckEmailViewController.swift */,
				9099ADD22C904CA500FCA3C8 /* SigninCheckViewModel.swift */,
			);
			path = CheckEmail;
			sourceTree = "<group>";
		};
		90BB6C502C9D7E200074DC9A /* EverydaySports */ = {
			isa = PBXGroup;
			children = (
				90BB6C512C9D80010074DC9A /* KGEverydaySprotsImageView.swift */,
				90BB6C532C9D82F30074DC9A /* KGEverydatSprotsView.swift */,
			);
			path = EverydaySports;
			sourceTree = "<group>";
		};
		90BB6C552C9D8CD80074DC9A /* Pingpong */ = {
			isa = PBXGroup;
			children = (
				90BB6C562C9D8CF90074DC9A /* PingpongViewController.swift */,
				90BB6C582C9D8D060074DC9A /* PingpongViewModel.swift */,
			);
			path = Pingpong;
			sourceTree = "<group>";
		};
		90F6327C2C931691000B1D99 /* Level */ = {
			isa = PBXGroup;
			children = (
				90F6327D2C93169F000B1D99 /* LevelViewController.swift */,
				90F6327F2C9316A8000B1D99 /* LevelViewModel.swift */,
			);
			path = Level;
			sourceTree = "<group>";
		};
		90F632882C9328E4000B1D99 /* Base */ = {
			isa = PBXGroup;
			children = (
				90F632892C9328FD000B1D99 /* BaseViewController.swift */,
			);
			path = Base;
			sourceTree = "<group>";
		};
		90F6328D2C96CC18000B1D99 /* NewPassword */ = {
			isa = PBXGroup;
			children = (
				90F6328E2C96CC37000B1D99 /* SetNewPasswordViewController.swift */,
				90F632902C96CC47000B1D99 /* SetNewPasswordViewModel.swift */,
			);
			path = NewPassword;
			sourceTree = "<group>";
		};
		90F632922C96D210000B1D99 /* Main */ = {
			isa = PBXGroup;
			children = (
				90BB6C552C9D8CD80074DC9A /* Pingpong */,
				90F632932C96D232000B1D99 /* Main */,
			);
			path = Main;
			sourceTree = "<group>";
		};
		90F632932C96D232000B1D99 /* Main */ = {
			isa = PBXGroup;
			children = (
				90F632942C96D242000B1D99 /* MainViewController.swift */,
				90F632962C96D24C000B1D99 /* MainViewModel.swift */,
			);
			path = Main;
			sourceTree = "<group>";
		};
		90F632982C9D4AF8000B1D99 /* MainTitleView */ = {
			isa = PBXGroup;
			children = (
				90F632A82C9D54C2000B1D99 /* MainTitleView */,
			);
			path = MainTitleView;
			sourceTree = "<group>";
		};
		90F632A22C9D5458000B1D99 /* LogoImage */ = {
			isa = PBXGroup;
			children = (
				90F632A62C9D54B8000B1D99 /* KGLogoImageView.swift */,
			);
			path = LogoImage;
			sourceTree = "<group>";
		};
		90F632A32C9D5496000B1D99 /* SettingImage */ = {
			isa = PBXGroup;
			children = (
				90F632A42C9D54AA000B1D99 /* KGSettingImageView.swift */,
			);
			path = SettingImage;
			sourceTree = "<group>";
		};
		90F632A82C9D54C2000B1D99 /* MainTitleView */ = {
			isa = PBXGroup;
			children = (
				90F632A32C9D5496000B1D99 /* SettingImage */,
				90F632A22C9D5458000B1D99 /* LogoImage */,
				90F632992C9D4B0E000B1D99 /* KGMainTitleView.swift */,
			);
			path = MainTitleView;
			sourceTree = "<group>";
		};
		90F632AB2C9D5DFA000B1D99 /* TodaySprots */ = {
			isa = PBXGroup;
			children = (
				90F632AC2C9D5E1B000B1D99 /* KGTodaySprotsView.swift */,
			);
			path = TodaySprots;
			sourceTree = "<group>";
		};
/* End PBXGroup section */

/* Begin PBXNativeTarget section */
		90374B932C85E96700F0F7BC /* KillerGramV1 */ = {
			isa = PBXNativeTarget;
			buildConfigurationList = 90374BA82C85E96700F0F7BC /* Build configuration list for PBXNativeTarget "KillerGramV1" */;
			buildPhases = (
				90374B902C85E96700F0F7BC /* Sources */,
				90374B912C85E96700F0F7BC /* Frameworks */,
				90374B922C85E96700F0F7BC /* Resources */,
			);
			buildRules = (
			);
			dependencies = (
			);
			name = KillerGramV1;
			packageProductDependencies = (
				90374BB12C85E99300F0F7BC /* Then */,
				90374BB42C85F34400F0F7BC /* CombineMoya */,
				90374BB62C85F34400F0F7BC /* Moya */,
				90374BB82C85F34400F0F7BC /* ReactiveMoya */,
				90374BBA2C85F34400F0F7BC /* RxMoya */,
				90F632762C9314A7000B1D99 /* RxCocoa */,
				90F632782C9314A7000B1D99 /* RxRelay */,
				90F6327A2C9314A7000B1D99 /* RxSwift */,
				90F632862C932743000B1D99 /* SnapKit */,
			);
			productName = KillerGramV1;
			productReference = 90374B942C85E96700F0F7BC /* KillerGramV1.app */;
			productType = "com.apple.product-type.application";
		};
/* End PBXNativeTarget section */

/* Begin PBXProject section */
		90374B8C2C85E96700F0F7BC /* Project object */ = {
			isa = PBXProject;
			attributes = {
				BuildIndependentTargetsInParallel = 1;
				LastSwiftUpdateCheck = 1510;
				LastUpgradeCheck = 1510;
				TargetAttributes = {
					90374B932C85E96700F0F7BC = {
						CreatedOnToolsVersion = 15.1;
					};
				};
			};
			buildConfigurationList = 90374B8F2C85E96700F0F7BC /* Build configuration list for PBXProject "KillerGramV1" */;
			compatibilityVersion = "Xcode 14.0";
			developmentRegion = en;
			hasScannedForEncodings = 0;
			knownRegions = (
				en,
				Base,
			);
			mainGroup = 90374B8B2C85E96700F0F7BC;
			packageReferences = (
				90374BB02C85E99300F0F7BC /* XCRemoteSwiftPackageReference "Then" */,
				90374BB32C85F34400F0F7BC /* XCRemoteSwiftPackageReference "Moya" */,
				90F632752C9314A7000B1D99 /* XCRemoteSwiftPackageReference "RxSwift" */,
				90F632852C932743000B1D99 /* XCRemoteSwiftPackageReference "SnapKit" */,
			);
			productRefGroup = 90374B952C85E96700F0F7BC /* Products */;
			projectDirPath = "";
			projectRoot = "";
			targets = (
				90374B932C85E96700F0F7BC /* KillerGramV1 */,
			);
		};
/* End PBXProject section */

/* Begin PBXResourcesBuildPhase section */
		90374B922C85E96700F0F7BC /* Resources */ = {
			isa = PBXResourcesBuildPhase;
			buildActionMask = 2147483647;
			files = (
				9077EBC52C8716DE0044ED9E /* Pretendard-SemiBold.otf in Resources */,
				9077EBC62C8716DE0044ED9E /* Pretendard-Regular.otf in Resources */,
				90374BA42C85E96700F0F7BC /* LaunchScreen.storyboard in Resources */,
				90374BA12C85E96700F0F7BC /* Assets.xcassets in Resources */,
			);
			runOnlyForDeploymentPostprocessing = 0;
		};
/* End PBXResourcesBuildPhase section */

/* Begin PBXSourcesBuildPhase section */
		90374B902C85E96700F0F7BC /* Sources */ = {
			isa = PBXSourcesBuildPhase;
			buildActionMask = 2147483647;
			files = (
				9099ADD02C903A0400FCA3C8 /* UIButton+setUnderLine.swift in Sources */,
				90F6329A2C9D4B0E000B1D99 /* KGMainTitleView.swift in Sources */,
				90F632802C9316A8000B1D99 /* LevelViewModel.swift in Sources */,
				904D88202C871817007EEE16 /* PretendardFontStyle.swift in Sources */,
				90BB6C572C9D8CF90074DC9A /* PingpongViewController.swift in Sources */,
				90F632822C931DDF000B1D99 /* FindPasswordCheckViewController.swift in Sources */,
				672D80AA2C8AD58D005E7062 /* KGButtonStyle.swift in Sources */,
				90F6327E2C93169F000B1D99 /* LevelViewController.swift in Sources */,
				90BB6C592C9D8D060074DC9A /* PingpongViewModel.swift in Sources */,
				904D88242C871A71007EEE16 /* KillerGramFontStyle.swift in Sources */,
				908C9CA32C93000000F4B3BA /* FindPasswordSendEmailViewController.swift in Sources */,
				90F6328F2C96CC37000B1D99 /* SetNewPasswordViewController.swift in Sources */,
				672D80A82C8AD4E9005E7062 /* KGButton.swift in Sources */,
				9048AAA22C91DBF10073AEFF /* FillNameViewModel.swift in Sources */,
				90BB6C522C9D80010074DC9A /* KGEverydaySprotsImageView.swift in Sources */,
				90BB6C542C9D82F30074DC9A /* KGEverydatSprotsView.swift in Sources */,
				90F632842C931DF3000B1D99 /* FindPasswordCheckViewModel.swift in Sources */,
				9048AAA02C91DBCD0073AEFF /* FillNameViewController.swift in Sources */,
				90F632AD2C9D5E1B000B1D99 /* KGTodaySprotsView.swift in Sources */,
				90374BC82C86810100F0F7BC /* LoginViewController.swift in Sources */,
				90F632952C96D242000B1D99 /* MainViewController.swift in Sources */,
				90F6328A2C9328FD000B1D99 /* BaseViewController.swift in Sources */,
				90374BD42C86FC7C00F0F7BC /* SignupSendViewModel.swift in Sources */,
				906C9AF42C92C30400E0E9A9 /* GenderViewController.swift in Sources */,
				9099ADD32C904CA500FCA3C8 /* SigninCheckViewModel.swift in Sources */,
				90374B982C85E96700F0F7BC /* AppDelegate.swift in Sources */,
				908C9CA52C93000B00F4B3BA /* FindPasswordSendEmailViewModel.swift in Sources */,
				90B527662C89BE48006752AD /* SigninSendEmailViewController.swift in Sources */,
				90F632A72C9D54B8000B1D99 /* KGLogoImageView.swift in Sources */,
				9048AAA72C92B7950073AEFF /* FillStudentNumberViewModel.swift in Sources */,
				90750F7D2C91A19B00B291A6 /* SetPasswordViewController.swift in Sources */,
				902D5AED2C8B1DDC0077AAC2 /* SigninCheckEmailViewController.swift in Sources */,
				90374BD12C86FC4400F0F7BC /* LoginViewModel.swift in Sources */,
				672D80A52C8AD303005E7062 /* KGTextField.swift in Sources */,
				906C9AF62C92C30C00E0E9A9 /* GenderViewModel.swift in Sources */,
				9048AAA52C92B7830073AEFF /* FillStudentNumberViewController.swift in Sources */,
				9048AA9C2C91D6FE0073AEFF /* KGStepBar.swift in Sources */,
				90750F7F2C91A1A900B291A6 /* SetPasswordViewModel.swift in Sources */,
				902D5AEA2C8B09850077AAC2 /* KGLabel.swift in Sources */,
				90374B9A2C85E96700F0F7BC /* SceneDelegate.swift in Sources */,
				904D88222C871875007EEE16 /* KillerGramFont.swift in Sources */,
				90F632A52C9D54AA000B1D99 /* KGSettingImageView.swift in Sources */,
				90F632912C96CC47000B1D99 /* SetNewPasswordViewModel.swift in Sources */,
				90F632972C96D24C000B1D99 /* MainViewModel.swift in Sources */,
			);
			runOnlyForDeploymentPostprocessing = 0;
		};
/* End PBXSourcesBuildPhase section */

/* Begin PBXVariantGroup section */
		90374BA22C85E96700F0F7BC /* LaunchScreen.storyboard */ = {
			isa = PBXVariantGroup;
			children = (
				90374BA32C85E96700F0F7BC /* Base */,
			);
			name = LaunchScreen.storyboard;
			sourceTree = "<group>";
		};
/* End PBXVariantGroup section */

/* Begin XCBuildConfiguration section */
		90374BA62C85E96700F0F7BC /* Debug */ = {
			isa = XCBuildConfiguration;
			buildSettings = {
				ALWAYS_SEARCH_USER_PATHS = NO;
				ASSETCATALOG_COMPILER_GENERATE_SWIFT_ASSET_SYMBOL_EXTENSIONS = YES;
				CLANG_ANALYZER_NONNULL = YES;
				CLANG_ANALYZER_NUMBER_OBJECT_CONVERSION = YES_AGGRESSIVE;
				CLANG_CXX_LANGUAGE_STANDARD = "gnu++20";
				CLANG_ENABLE_MODULES = YES;
				CLANG_ENABLE_OBJC_ARC = YES;
				CLANG_ENABLE_OBJC_WEAK = YES;
				CLANG_WARN_BLOCK_CAPTURE_AUTORELEASING = YES;
				CLANG_WARN_BOOL_CONVERSION = YES;
				CLANG_WARN_COMMA = YES;
				CLANG_WARN_CONSTANT_CONVERSION = YES;
				CLANG_WARN_DEPRECATED_OBJC_IMPLEMENTATIONS = YES;
				CLANG_WARN_DIRECT_OBJC_ISA_USAGE = YES_ERROR;
				CLANG_WARN_DOCUMENTATION_COMMENTS = YES;
				CLANG_WARN_EMPTY_BODY = YES;
				CLANG_WARN_ENUM_CONVERSION = YES;
				CLANG_WARN_INFINITE_RECURSION = YES;
				CLANG_WARN_INT_CONVERSION = YES;
				CLANG_WARN_NON_LITERAL_NULL_CONVERSION = YES;
				CLANG_WARN_OBJC_IMPLICIT_RETAIN_SELF = YES;
				CLANG_WARN_OBJC_LITERAL_CONVERSION = YES;
				CLANG_WARN_OBJC_ROOT_CLASS = YES_ERROR;
				CLANG_WARN_QUOTED_INCLUDE_IN_FRAMEWORK_HEADER = YES;
				CLANG_WARN_RANGE_LOOP_ANALYSIS = YES;
				CLANG_WARN_STRICT_PROTOTYPES = YES;
				CLANG_WARN_SUSPICIOUS_MOVE = YES;
				CLANG_WARN_UNGUARDED_AVAILABILITY = YES_AGGRESSIVE;
				CLANG_WARN_UNREACHABLE_CODE = YES;
				CLANG_WARN__DUPLICATE_METHOD_MATCH = YES;
				COPY_PHASE_STRIP = NO;
				DEBUG_INFORMATION_FORMAT = dwarf;
				ENABLE_STRICT_OBJC_MSGSEND = YES;
				ENABLE_TESTABILITY = YES;
				ENABLE_USER_SCRIPT_SANDBOXING = YES;
				GCC_C_LANGUAGE_STANDARD = gnu17;
				GCC_DYNAMIC_NO_PIC = NO;
				GCC_NO_COMMON_BLOCKS = YES;
				GCC_OPTIMIZATION_LEVEL = 0;
				GCC_PREPROCESSOR_DEFINITIONS = (
					"DEBUG=1",
					"$(inherited)",
				);
				GCC_WARN_64_TO_32_BIT_CONVERSION = YES;
				GCC_WARN_ABOUT_RETURN_TYPE = YES_ERROR;
				GCC_WARN_UNDECLARED_SELECTOR = YES;
				GCC_WARN_UNINITIALIZED_AUTOS = YES_AGGRESSIVE;
				GCC_WARN_UNUSED_FUNCTION = YES;
				GCC_WARN_UNUSED_VARIABLE = YES;
				IPHONEOS_DEPLOYMENT_TARGET = 17.2;
				LOCALIZATION_PREFERS_STRING_CATALOGS = YES;
				MTL_ENABLE_DEBUG_INFO = INCLUDE_SOURCE;
				MTL_FAST_MATH = YES;
				ONLY_ACTIVE_ARCH = YES;
				SDKROOT = iphoneos;
				SWIFT_ACTIVE_COMPILATION_CONDITIONS = "DEBUG $(inherited)";
				SWIFT_OPTIMIZATION_LEVEL = "-Onone";
			};
			name = Debug;
		};
		90374BA72C85E96700F0F7BC /* Release */ = {
			isa = XCBuildConfiguration;
			buildSettings = {
				ALWAYS_SEARCH_USER_PATHS = NO;
				ASSETCATALOG_COMPILER_GENERATE_SWIFT_ASSET_SYMBOL_EXTENSIONS = YES;
				CLANG_ANALYZER_NONNULL = YES;
				CLANG_ANALYZER_NUMBER_OBJECT_CONVERSION = YES_AGGRESSIVE;
				CLANG_CXX_LANGUAGE_STANDARD = "gnu++20";
				CLANG_ENABLE_MODULES = YES;
				CLANG_ENABLE_OBJC_ARC = YES;
				CLANG_ENABLE_OBJC_WEAK = YES;
				CLANG_WARN_BLOCK_CAPTURE_AUTORELEASING = YES;
				CLANG_WARN_BOOL_CONVERSION = YES;
				CLANG_WARN_COMMA = YES;
				CLANG_WARN_CONSTANT_CONVERSION = YES;
				CLANG_WARN_DEPRECATED_OBJC_IMPLEMENTATIONS = YES;
				CLANG_WARN_DIRECT_OBJC_ISA_USAGE = YES_ERROR;
				CLANG_WARN_DOCUMENTATION_COMMENTS = YES;
				CLANG_WARN_EMPTY_BODY = YES;
				CLANG_WARN_ENUM_CONVERSION = YES;
				CLANG_WARN_INFINITE_RECURSION = YES;
				CLANG_WARN_INT_CONVERSION = YES;
				CLANG_WARN_NON_LITERAL_NULL_CONVERSION = YES;
				CLANG_WARN_OBJC_IMPLICIT_RETAIN_SELF = YES;
				CLANG_WARN_OBJC_LITERAL_CONVERSION = YES;
				CLANG_WARN_OBJC_ROOT_CLASS = YES_ERROR;
				CLANG_WARN_QUOTED_INCLUDE_IN_FRAMEWORK_HEADER = YES;
				CLANG_WARN_RANGE_LOOP_ANALYSIS = YES;
				CLANG_WARN_STRICT_PROTOTYPES = YES;
				CLANG_WARN_SUSPICIOUS_MOVE = YES;
				CLANG_WARN_UNGUARDED_AVAILABILITY = YES_AGGRESSIVE;
				CLANG_WARN_UNREACHABLE_CODE = YES;
				CLANG_WARN__DUPLICATE_METHOD_MATCH = YES;
				COPY_PHASE_STRIP = NO;
				DEBUG_INFORMATION_FORMAT = "dwarf-with-dsym";
				ENABLE_NS_ASSERTIONS = NO;
				ENABLE_STRICT_OBJC_MSGSEND = YES;
				ENABLE_USER_SCRIPT_SANDBOXING = YES;
				GCC_C_LANGUAGE_STANDARD = gnu17;
				GCC_NO_COMMON_BLOCKS = YES;
				GCC_WARN_64_TO_32_BIT_CONVERSION = YES;
				GCC_WARN_ABOUT_RETURN_TYPE = YES_ERROR;
				GCC_WARN_UNDECLARED_SELECTOR = YES;
				GCC_WARN_UNINITIALIZED_AUTOS = YES_AGGRESSIVE;
				GCC_WARN_UNUSED_FUNCTION = YES;
				GCC_WARN_UNUSED_VARIABLE = YES;
				IPHONEOS_DEPLOYMENT_TARGET = 17.2;
				LOCALIZATION_PREFERS_STRING_CATALOGS = YES;
				MTL_ENABLE_DEBUG_INFO = NO;
				MTL_FAST_MATH = YES;
				SDKROOT = iphoneos;
				SWIFT_COMPILATION_MODE = wholemodule;
				VALIDATE_PRODUCT = YES;
			};
			name = Release;
		};
		90374BA92C85E96700F0F7BC /* Debug */ = {
			isa = XCBuildConfiguration;
			buildSettings = {
				ASSETCATALOG_COMPILER_APPICON_NAME = AppIcon;
				ASSETCATALOG_COMPILER_GLOBAL_ACCENT_COLOR_NAME = AccentColor;
				CODE_SIGN_STYLE = Automatic;
				CURRENT_PROJECT_VERSION = 1;
				DEVELOPMENT_TEAM = B857CRCG9V;
				GENERATE_INFOPLIST_FILE = YES;
				INFOPLIST_FILE = KillerGramV1/Support/Info.plist;
				INFOPLIST_KEY_UIApplicationSupportsIndirectInputEvents = YES;
				INFOPLIST_KEY_UILaunchStoryboardName = LaunchScreen;
				INFOPLIST_KEY_UISupportedInterfaceOrientations_iPad = "UIInterfaceOrientationPortrait UIInterfaceOrientationPortraitUpsideDown UIInterfaceOrientationLandscapeLeft UIInterfaceOrientationLandscapeRight";
				INFOPLIST_KEY_UISupportedInterfaceOrientations_iPhone = "UIInterfaceOrientationPortrait UIInterfaceOrientationLandscapeLeft UIInterfaceOrientationLandscapeRight";
				IPHONEOS_DEPLOYMENT_TARGET = 16.0;
				LD_RUNPATH_SEARCH_PATHS = (
					"$(inherited)",
					"@executable_path/Frameworks",
				);
				MARKETING_VERSION = 1.0;
				PRODUCT_BUNDLE_IDENTIFIER = com.hyeonseog.KillerGramV1;
				PRODUCT_NAME = "$(TARGET_NAME)";
				SWIFT_EMIT_LOC_STRINGS = YES;
				SWIFT_VERSION = 5.0;
				TARGETED_DEVICE_FAMILY = "1,2";
			};
			name = Debug;
		};
		90374BAA2C85E96700F0F7BC /* Release */ = {
			isa = XCBuildConfiguration;
			buildSettings = {
				ASSETCATALOG_COMPILER_APPICON_NAME = AppIcon;
				ASSETCATALOG_COMPILER_GLOBAL_ACCENT_COLOR_NAME = AccentColor;
				CODE_SIGN_IDENTITY = "Apple Development";
				CODE_SIGN_STYLE = Automatic;
				CURRENT_PROJECT_VERSION = 1;
				DEVELOPMENT_TEAM = B857CRCG9V;
				GENERATE_INFOPLIST_FILE = YES;
				INFOPLIST_FILE = KillerGramV1/Support/Info.plist;
				INFOPLIST_KEY_UIApplicationSupportsIndirectInputEvents = YES;
				INFOPLIST_KEY_UILaunchStoryboardName = LaunchScreen;
				INFOPLIST_KEY_UISupportedInterfaceOrientations_iPad = "UIInterfaceOrientationPortrait UIInterfaceOrientationPortraitUpsideDown UIInterfaceOrientationLandscapeLeft UIInterfaceOrientationLandscapeRight";
				INFOPLIST_KEY_UISupportedInterfaceOrientations_iPhone = "UIInterfaceOrientationPortrait UIInterfaceOrientationLandscapeLeft UIInterfaceOrientationLandscapeRight";
				IPHONEOS_DEPLOYMENT_TARGET = 16.0;
				LD_RUNPATH_SEARCH_PATHS = (
					"$(inherited)",
					"@executable_path/Frameworks",
				);
				MARKETING_VERSION = 1.0;
				PRODUCT_BUNDLE_IDENTIFIER = com.hyeonseog.KillerGramV1;
				PRODUCT_NAME = "$(TARGET_NAME)";
				PROVISIONING_PROFILE_SPECIFIER = "";
				SWIFT_EMIT_LOC_STRINGS = YES;
				SWIFT_VERSION = 5.0;
				TARGETED_DEVICE_FAMILY = "1,2";
			};
			name = Release;
		};
/* End XCBuildConfiguration section */

/* Begin XCConfigurationList section */
		90374B8F2C85E96700F0F7BC /* Build configuration list for PBXProject "KillerGramV1" */ = {
			isa = XCConfigurationList;
			buildConfigurations = (
				90374BA62C85E96700F0F7BC /* Debug */,
				90374BA72C85E96700F0F7BC /* Release */,
			);
			defaultConfigurationIsVisible = 0;
			defaultConfigurationName = Release;
		};
		90374BA82C85E96700F0F7BC /* Build configuration list for PBXNativeTarget "KillerGramV1" */ = {
			isa = XCConfigurationList;
			buildConfigurations = (
				90374BA92C85E96700F0F7BC /* Debug */,
				90374BAA2C85E96700F0F7BC /* Release */,
			);
			defaultConfigurationIsVisible = 0;
			defaultConfigurationName = Release;
		};
/* End XCConfigurationList section */

/* Begin XCRemoteSwiftPackageReference section */
		90374BB02C85E99300F0F7BC /* XCRemoteSwiftPackageReference "Then" */ = {
			isa = XCRemoteSwiftPackageReference;
			repositoryURL = "https://github.com/devxoul/Then";
			requirement = {
				kind = upToNextMajorVersion;
				minimumVersion = 3.0.0;
			};
		};
		90374BB32C85F34400F0F7BC /* XCRemoteSwiftPackageReference "Moya" */ = {
			isa = XCRemoteSwiftPackageReference;
			repositoryURL = "https://github.com/Moya/Moya";
			requirement = {
				kind = upToNextMajorVersion;
				minimumVersion = 15.0.3;
			};
		};
		90F632752C9314A7000B1D99 /* XCRemoteSwiftPackageReference "RxSwift" */ = {
			isa = XCRemoteSwiftPackageReference;
			repositoryURL = "https://github.com/ReactiveX/RxSwift";
			requirement = {
				kind = upToNextMajorVersion;
				minimumVersion = 6.7.1;
			};
		};
		90F632852C932743000B1D99 /* XCRemoteSwiftPackageReference "SnapKit" */ = {
			isa = XCRemoteSwiftPackageReference;
			repositoryURL = "https://github.com/SnapKit/SnapKit";
			requirement = {
				kind = upToNextMajorVersion;
				minimumVersion = 5.7.1;
			};
		};
/* End XCRemoteSwiftPackageReference section */

/* Begin XCSwiftPackageProductDependency section */
		90374BB12C85E99300F0F7BC /* Then */ = {
			isa = XCSwiftPackageProductDependency;
			package = 90374BB02C85E99300F0F7BC /* XCRemoteSwiftPackageReference "Then" */;
			productName = Then;
		};
		90374BB42C85F34400F0F7BC /* CombineMoya */ = {
			isa = XCSwiftPackageProductDependency;
			package = 90374BB32C85F34400F0F7BC /* XCRemoteSwiftPackageReference "Moya" */;
			productName = CombineMoya;
		};
		90374BB62C85F34400F0F7BC /* Moya */ = {
			isa = XCSwiftPackageProductDependency;
			package = 90374BB32C85F34400F0F7BC /* XCRemoteSwiftPackageReference "Moya" */;
			productName = Moya;
		};
		90374BB82C85F34400F0F7BC /* ReactiveMoya */ = {
			isa = XCSwiftPackageProductDependency;
			package = 90374BB32C85F34400F0F7BC /* XCRemoteSwiftPackageReference "Moya" */;
			productName = ReactiveMoya;
		};
		90374BBA2C85F34400F0F7BC /* RxMoya */ = {
			isa = XCSwiftPackageProductDependency;
			package = 90374BB32C85F34400F0F7BC /* XCRemoteSwiftPackageReference "Moya" */;
			productName = RxMoya;
		};
		90F632762C9314A7000B1D99 /* RxCocoa */ = {
			isa = XCSwiftPackageProductDependency;
			package = 90F632752C9314A7000B1D99 /* XCRemoteSwiftPackageReference "RxSwift" */;
			productName = RxCocoa;
		};
		90F632782C9314A7000B1D99 /* RxRelay */ = {
			isa = XCSwiftPackageProductDependency;
			package = 90F632752C9314A7000B1D99 /* XCRemoteSwiftPackageReference "RxSwift" */;
			productName = RxRelay;
		};
		90F6327A2C9314A7000B1D99 /* RxSwift */ = {
			isa = XCSwiftPackageProductDependency;
			package = 90F632752C9314A7000B1D99 /* XCRemoteSwiftPackageReference "RxSwift" */;
			productName = RxSwift;
		};
		90F632862C932743000B1D99 /* SnapKit */ = {
			isa = XCSwiftPackageProductDependency;
			package = 90F632852C932743000B1D99 /* XCRemoteSwiftPackageReference "SnapKit" */;
			productName = SnapKit;
		};
/* End XCSwiftPackageProductDependency section */
	};
	rootObject = 90374B8C2C85E96700F0F7BC /* Project object */;
}
